// !$*UTF8*$!
{
	archiveVersion = 1;
	classes = {
	};
	objectVersion = 48;
	objects = {

/* Begin PBXBuildFile section */
		AADA704F20133D240069B88E /* GS_ProgressHUD.h in Headers */ = {isa = PBXBuildFile; fileRef = AADA6FA920133D240069B88E /* GS_ProgressHUD.h */; };
		AADA705020133D240069B88E /* GS_ViewTools.h in Headers */ = {isa = PBXBuildFile; fileRef = AADA6FAA20133D240069B88E /* GS_ViewTools.h */; };
		AADA705120133D240069B88E /* GS_DataTools.h in Headers */ = {isa = PBXBuildFile; fileRef = AADA6FAB20133D240069B88E /* GS_DataTools.h */; };
		AADA705220133D240069B88E /* GS_ParentViewController.h in Headers */ = {isa = PBXBuildFile; fileRef = AADA6FAC20133D240069B88E /* GS_ParentViewController.h */; };
		AADA705320133D240069B88E /* GS_ViewTools.m in Sources */ = {isa = PBXBuildFile; fileRef = AADA6FAD20133D240069B88E /* GS_ViewTools.m */; };
		AADA705420133D240069B88E /* GS_ProgressHUD.m in Sources */ = {isa = PBXBuildFile; fileRef = AADA6FAE20133D240069B88E /* GS_ProgressHUD.m */; };
		AADA705520133D240069B88E /* GS_ParentViewController.m in Sources */ = {isa = PBXBuildFile; fileRef = AADA6FAF20133D240069B88E /* GS_ParentViewController.m */; };
		AADA705620133D240069B88E /* GS_DataTools.m in Sources */ = {isa = PBXBuildFile; fileRef = AADA6FB020133D240069B88E /* GS_DataTools.m */; };
		AADA705720133D240069B88E /* GS_NetWorking.m in Sources */ = {isa = PBXBuildFile; fileRef = AADA6FB220133D240069B88E /* GS_NetWorking.m */; };
		AADA705820133D240069B88E /* GS_RSAEncryptor.m in Sources */ = {isa = PBXBuildFile; fileRef = AADA6FB420133D240069B88E /* GS_RSAEncryptor.m */; };
		AADA705920133D240069B88E /* GS_GTMDefines.h in Headers */ = {isa = PBXBuildFile; fileRef = AADA6FB520133D240069B88E /* GS_GTMDefines.h */; };
		AADA705A20133D240069B88E /* GS_RSAEncryptor.h in Headers */ = {isa = PBXBuildFile; fileRef = AADA6FB620133D240069B88E /* GS_RSAEncryptor.h */; };
		AADA705B20133D240069B88E /* GS_NetWorking.h in Headers */ = {isa = PBXBuildFile; fileRef = AADA6FB720133D240069B88E /* GS_NetWorking.h */; };
		AADA705C20133D240069B88E /* GS_ShareSingle.m in Sources */ = {isa = PBXBuildFile; fileRef = AADA6FB920133D240069B88E /* GS_ShareSingle.m */; };
		AADA705D20133D240069B88E /* GS_ShareSingle.h in Headers */ = {isa = PBXBuildFile; fileRef = AADA6FBA20133D240069B88E /* GS_ShareSingle.h */; };
		AADA705E20133D240069B88E /* GS_AFURLSessionManager.h in Headers */ = {isa = PBXBuildFile; fileRef = AADA6FBC20133D240069B88E /* GS_AFURLSessionManager.h */; };
		AADA705F20133D240069B88E /* GS_AFNetworkReachabilityManager.h in Headers */ = {isa = PBXBuildFile; fileRef = AADA6FBD20133D240069B88E /* GS_AFNetworkReachabilityManager.h */; };
		AADA706020133D240069B88E /* GS_AFURLResponseSerialization.m in Sources */ = {isa = PBXBuildFile; fileRef = AADA6FBE20133D240069B88E /* GS_AFURLResponseSerialization.m */; };
		AADA706120133D240069B88E /* GS_AFURLRequestSerialization.h in Headers */ = {isa = PBXBuildFile; fileRef = AADA6FBF20133D240069B88E /* GS_AFURLRequestSerialization.h */; };
		AADA706220133D240069B88E /* GS_AFHTTPSessionManager.h in Headers */ = {isa = PBXBuildFile; fileRef = AADA6FC020133D240069B88E /* GS_AFHTTPSessionManager.h */; };
		AADA706320133D240069B88E /* GS_AFNetworking.h in Headers */ = {isa = PBXBuildFile; fileRef = AADA6FC120133D240069B88E /* GS_AFNetworking.h */; };
		AADA706420133D240069B88E /* GS_AFSecurityPolicy.m in Sources */ = {isa = PBXBuildFile; fileRef = AADA6FC220133D240069B88E /* GS_AFSecurityPolicy.m */; };
		AADA706520133D240069B88E /* GS_AFNetworkReachabilityManager.m in Sources */ = {isa = PBXBuildFile; fileRef = AADA6FC320133D240069B88E /* GS_AFNetworkReachabilityManager.m */; };
		AADA706620133D240069B88E /* GS_AFURLSessionManager.m in Sources */ = {isa = PBXBuildFile; fileRef = AADA6FC420133D240069B88E /* GS_AFURLSessionManager.m */; };
		AADA706720133D240069B88E /* GS_AFURLRequestSerialization.m in Sources */ = {isa = PBXBuildFile; fileRef = AADA6FC520133D240069B88E /* GS_AFURLRequestSerialization.m */; };
		AADA706820133D240069B88E /* GS_AFURLResponseSerialization.h in Headers */ = {isa = PBXBuildFile; fileRef = AADA6FC620133D240069B88E /* GS_AFURLResponseSerialization.h */; };
		AADA706920133D240069B88E /* GS_AFHTTPSessionManager.m in Sources */ = {isa = PBXBuildFile; fileRef = AADA6FC720133D240069B88E /* GS_AFHTTPSessionManager.m */; };
		AADA706A20133D240069B88E /* GS_AFSecurityPolicy.h in Headers */ = {isa = PBXBuildFile; fileRef = AADA6FC820133D240069B88E /* GS_AFSecurityPolicy.h */; };
		AADA706B20133D240069B88E /* GS_MBProgressHUD.h in Headers */ = {isa = PBXBuildFile; fileRef = AADA6FCA20133D240069B88E /* GS_MBProgressHUD.h */; };
		AADA706C20133D240069B88E /* GS_MBProgressHUD.m in Sources */ = {isa = PBXBuildFile; fileRef = AADA6FCB20133D240069B88E /* GS_MBProgressHUD.m */; };
		AADA706D20133D240069B88E /* GS_ActionSheetStringPicker.h in Headers */ = {isa = PBXBuildFile; fileRef = AADA6FCD20133D240069B88E /* GS_ActionSheetStringPicker.h */; };
		AADA706E20133D240069B88E /* GS_SWActionSheet.m in Sources */ = {isa = PBXBuildFile; fileRef = AADA6FCE20133D240069B88E /* GS_SWActionSheet.m */; };
		AADA706F20133D240069B88E /* GS_AbstractActionSheetPicker.h in Headers */ = {isa = PBXBuildFile; fileRef = AADA6FCF20133D240069B88E /* GS_AbstractActionSheetPicker.h */; };
		AADA707020133D240069B88E /* GS_ActionSheetStringPicker.m in Sources */ = {isa = PBXBuildFile; fileRef = AADA6FD020133D240069B88E /* GS_ActionSheetStringPicker.m */; };
		AADA707120133D240069B88E /* GS_SWActionSheet.h in Headers */ = {isa = PBXBuildFile; fileRef = AADA6FD120133D240069B88E /* GS_SWActionSheet.h */; };
		AADA707220133D240069B88E /* GS_AbstractActionSheetPicker.m in Sources */ = {isa = PBXBuildFile; fileRef = AADA6FD220133D240069B88E /* GS_AbstractActionSheetPicker.m */; };
		AADA707320133D240069B88E /* NSObject+GS_YYModel.h in Headers */ = {isa = PBXBuildFile; fileRef = AADA6FD420133D240069B88E /* NSObject+GS_YYModel.h */; };
		AADA707420133D240069B88E /* GS_YYClassInfo.h in Headers */ = {isa = PBXBuildFile; fileRef = AADA6FD520133D240069B88E /* GS_YYClassInfo.h */; };
		AADA707520133D240069B88E /* GS_YYModel.h in Headers */ = {isa = PBXBuildFile; fileRef = AADA6FD620133D240069B88E /* GS_YYModel.h */; };
		AADA707620133D240069B88E /* NSObject+GS_YYModel.m in Sources */ = {isa = PBXBuildFile; fileRef = AADA6FD720133D240069B88E /* NSObject+GS_YYModel.m */; };
		AADA707720133D240069B88E /* GS_YYClassInfo.m in Sources */ = {isa = PBXBuildFile; fileRef = AADA6FD820133D240069B88E /* GS_YYClassInfo.m */; };
		AADA707820133D240069B88E /* UIView+GS_Catrgory.m in Sources */ = {isa = PBXBuildFile; fileRef = AADA6FDA20133D240069B88E /* UIView+GS_Catrgory.m */; };
		AADA707920133D240069B88E /* UILabel+GS_Category.m in Sources */ = {isa = PBXBuildFile; fileRef = AADA6FDB20133D240069B88E /* UILabel+GS_Category.m */; };
		AADA707A20133D240069B88E /* UIButton+GS_Category.m in Sources */ = {isa = PBXBuildFile; fileRef = AADA6FDC20133D240069B88E /* UIButton+GS_Category.m */; };
		AADA707B20133D240069B88E /* UIView+GS_Catrgory.h in Headers */ = {isa = PBXBuildFile; fileRef = AADA6FDD20133D240069B88E /* UIView+GS_Catrgory.h */; };
		AADA707C20133D240069B88E /* UIButton+GS_Category.h in Headers */ = {isa = PBXBuildFile; fileRef = AADA6FDE20133D240069B88E /* UIButton+GS_Category.h */; };
		AADA707D20133D240069B88E /* UILabel+GS_Category.h in Headers */ = {isa = PBXBuildFile; fileRef = AADA6FDF20133D240069B88E /* UILabel+GS_Category.h */; };
		AADA707E20133D240069B88E /* hud_warning@2x.png in Resources */ = {isa = PBXBuildFile; fileRef = AADA6FE120133D240069B88E /* hud_warning@2x.png */; };
		AADA707F20133D240069B88E /* gs_resultright@3x.png in Resources */ = {isa = PBXBuildFile; fileRef = AADA6FE220133D240069B88E /* gs_resultright@3x.png */; };
		AADA708020133D240069B88E /* hud_success@2x.png in Resources */ = {isa = PBXBuildFile; fileRef = AADA6FE320133D240069B88E /* hud_success@2x.png */; };
		AADA708120133D240069B88E /* gs_resultwarning@3x.png in Resources */ = {isa = PBXBuildFile; fileRef = AADA6FE420133D240069B88E /* gs_resultwarning@3x.png */; };
		AADA708220133D240069B88E /* gs_resultwrong@2x.png in Resources */ = {isa = PBXBuildFile; fileRef = AADA6FE520133D240069B88E /* gs_resultwrong@2x.png */; };
		AADA708320133D240069B88E /* gs_agreebutton@2x.png in Resources */ = {isa = PBXBuildFile; fileRef = AADA6FE620133D240069B88E /* gs_agreebutton@2x.png */; };
		AADA708420133D240069B88E /* gs_agreebutton@3x.png in Resources */ = {isa = PBXBuildFile; fileRef = AADA6FE720133D240069B88E /* gs_agreebutton@3x.png */; };
		AADA708520133D240069B88E /* gs_resultwrong@3x.png in Resources */ = {isa = PBXBuildFile; fileRef = AADA6FE820133D240069B88E /* gs_resultwrong@3x.png */; };
		AADA708620133D240069B88E /* gs_resultwarning@2x.png in Resources */ = {isa = PBXBuildFile; fileRef = AADA6FE920133D240069B88E /* gs_resultwarning@2x.png */; };
		AADA708720133D240069B88E /* hud_success@3x.png in Resources */ = {isa = PBXBuildFile; fileRef = AADA6FEA20133D240069B88E /* hud_success@3x.png */; };
		AADA708820133D240069B88E /* gs_resultright@2x.png in Resources */ = {isa = PBXBuildFile; fileRef = AADA6FEB20133D240069B88E /* gs_resultright@2x.png */; };
		AADA708920133D240069B88E /* citytest.plist in Resources */ = {isa = PBXBuildFile; fileRef = AADA6FEC20133D240069B88E /* citytest.plist */; };
		AADA708A20133D240069B88E /* hud_warning@3x.png in Resources */ = {isa = PBXBuildFile; fileRef = AADA6FED20133D240069B88E /* hud_warning@3x.png */; };
		AADA708B20133D240069B88E /* gs_nvcback@2x.png in Resources */ = {isa = PBXBuildFile; fileRef = AADA6FEE20133D240069B88E /* gs_nvcback@2x.png */; };
		AADA708C20133D240069B88E /* gs_closeTip@3x.png in Resources */ = {isa = PBXBuildFile; fileRef = AADA6FEF20133D240069B88E /* gs_closeTip@3x.png */; };
		AADA708D20133D240069B88E /* gs_taxrefrensh@2x.png in Resources */ = {isa = PBXBuildFile; fileRef = AADA6FF020133D240069B88E /* gs_taxrefrensh@2x.png */; };
		AADA708E20133D240069B88E /* gs_trash@3x.png in Resources */ = {isa = PBXBuildFile; fileRef = AADA6FF120133D240069B88E /* gs_trash@3x.png */; };
		AADA708F20133D240069B88E /* ios-ref@2x.png in Resources */ = {isa = PBXBuildFile; fileRef = AADA6FF220133D240069B88E /* ios-ref@2x.png */; };
		AADA709020133D240069B88E /* ios-ref@3x.png in Resources */ = {isa = PBXBuildFile; fileRef = AADA6FF320133D240069B88E /* ios-ref@3x.png */; };
		AADA709120133D240069B88E /* gs_trash@2x.png in Resources */ = {isa = PBXBuildFile; fileRef = AADA6FF420133D240069B88E /* gs_trash@2x.png */; };
		AADA709220133D240069B88E /* gs_taxrefrensh@3x.png in Resources */ = {isa = PBXBuildFile; fileRef = AADA6FF520133D240069B88E /* gs_taxrefrensh@3x.png */; };
		AADA709320133D240069B88E /* gs_nvcback@3x.png in Resources */ = {isa = PBXBuildFile; fileRef = AADA6FF620133D240069B88E /* gs_nvcback@3x.png */; };
		AADA709420133D240069B88E /* gs_closeTip@2x.png in Resources */ = {isa = PBXBuildFile; fileRef = AADA6FF720133D240069B88E /* gs_closeTip@2x.png */; };
		AADA709520133D240069B88E /* gs_taxlogincycle@3x.png in Resources */ = {isa = PBXBuildFile; fileRef = AADA6FF820133D240069B88E /* gs_taxlogincycle@3x.png */; };
		AADA709620133D240069B88E /* gs_moredown@3x.png in Resources */ = {isa = PBXBuildFile; fileRef = AADA6FF920133D240069B88E /* gs_moredown@3x.png */; };
		AADA709720133D240069B88E /* gs_taxdetailup@3x.png in Resources */ = {isa = PBXBuildFile; fileRef = AADA6FFA20133D240069B88E /* gs_taxdetailup@3x.png */; };
		AADA709820133D240069B88E /* gs_taxloginlogo@2x.png in Resources */ = {isa = PBXBuildFile; fileRef = AADA6FFB20133D240069B88E /* gs_taxloginlogo@2x.png */; };
		AADA709920133D240069B88E /* gs_taxloginlogo@3x.png in Resources */ = {isa = PBXBuildFile; fileRef = AADA6FFC20133D240069B88E /* gs_taxloginlogo@3x.png */; };
		AADA709A20133D240069B88E /* gs_taxdetailup@2x.png in Resources */ = {isa = PBXBuildFile; fileRef = AADA6FFD20133D240069B88E /* gs_taxdetailup@2x.png */; };
		AADA709B20133D240069B88E /* gs_moredown@2x.png in Resources */ = {isa = PBXBuildFile; fileRef = AADA6FFE20133D240069B88E /* gs_moredown@2x.png */; };
		AADA709C20133D240069B88E /* gs_taxlogincycle@2x.png in Resources */ = {isa = PBXBuildFile; fileRef = AADA6FFF20133D240069B88E /* gs_taxlogincycle@2x.png */; };
		AADA709D20133D240069B88E /* gs_codeloading@2x.png in Resources */ = {isa = PBXBuildFile; fileRef = AADA700020133D240069B88E /* gs_codeloading@2x.png */; };
		AADA709E20133D240069B88E /* gs_taxmoreinputtip@3x.png in Resources */ = {isa = PBXBuildFile; fileRef = AADA700120133D240069B88E /* gs_taxmoreinputtip@3x.png */; };
		AADA709F20133D240069B88E /* gs_taxdetaildown@2x.png in Resources */ = {isa = PBXBuildFile; fileRef = AADA700220133D240069B88E /* gs_taxdetaildown@2x.png */; };
		AADA70A020133D240069B88E /* ios-loc@2x.png in Resources */ = {isa = PBXBuildFile; fileRef = AADA700320133D240069B88E /* ios-loc@2x.png */; };
		AADA70A120133D240069B88E /* gs_imageCodeFaild@3x.png in Resources */ = {isa = PBXBuildFile; fileRef = AADA700420133D240069B88E /* gs_imageCodeFaild@3x.png */; };
		AADA70A220133D240069B88E /* gs_imageCodeFaild@2x.png in Resources */ = {isa = PBXBuildFile; fileRef = AADA700520133D240069B88E /* gs_imageCodeFaild@2x.png */; };
		AADA70A320133D240069B88E /* ios-loc@3x.png in Resources */ = {isa = PBXBuildFile; fileRef = AADA700620133D240069B88E /* ios-loc@3x.png */; };
		AADA70A420133D240069B88E /* gs_taxdetaildown@3x.png in Resources */ = {isa = PBXBuildFile; fileRef = AADA700720133D240069B88E /* gs_taxdetaildown@3x.png */; };
		AADA70A520133D240069B88E /* gs_taxmoreinputtip@2x.png in Resources */ = {isa = PBXBuildFile; fileRef = AADA700820133D240069B88E /* gs_taxmoreinputtip@2x.png */; };
		AADA70A620133D240069B88E /* gs_codeloading@3x.png in Resources */ = {isa = PBXBuildFile; fileRef = AADA700920133D240069B88E /* gs_codeloading@3x.png */; };
		AADA70A720133D240069B88E /* GS_TaxLoginHelpModel.m in Sources */ = {isa = PBXBuildFile; fileRef = AADA700C20133D240069B88E /* GS_TaxLoginHelpModel.m */; };
		AADA70A820133D240069B88E /* GS_TaxInputInfosModel.h in Headers */ = {isa = PBXBuildFile; fileRef = AADA700D20133D240069B88E /* GS_TaxInputInfosModel.h */; };
		AADA70A920133D240069B88E /* GS_TaxUrlInfosModel.m in Sources */ = {isa = PBXBuildFile; fileRef = AADA700E20133D240069B88E /* GS_TaxUrlInfosModel.m */; };
		AADA70AA20133D240069B88E /* GS_TaxFormInfosModel.h in Headers */ = {isa = PBXBuildFile; fileRef = AADA700F20133D240069B88E /* GS_TaxFormInfosModel.h */; };
		AADA70AB20133D240069B88E /* GS_TaxDetailModel.m in Sources */ = {isa = PBXBuildFile; fileRef = AADA701020133D240069B88E /* GS_TaxDetailModel.m */; };
		AADA70AC20133D240069B88E /* GS_TaxAccountListModel.h in Headers */ = {isa = PBXBuildFile; fileRef = AADA701120133D240069B88E /* GS_TaxAccountListModel.h */; };
		AADA70AD20133D240069B88E /* GS_TaxSiteHelpModel.m in Sources */ = {isa = PBXBuildFile; fileRef = AADA701220133D240069B88E /* GS_TaxSiteHelpModel.m */; };
		AADA70AE20133D240069B88E /* GS_TaxLoginModel.m in Sources */ = {isa = PBXBuildFile; fileRef = AADA701320133D240069B88E /* GS_TaxLoginModel.m */; };
		AADA70AF20133D240069B88E /* GS_TaxPayInfosModel.h in Headers */ = {isa = PBXBuildFile; fileRef = AADA701420133D240069B88E /* GS_TaxPayInfosModel.h */; };
		AADA70B020133D240069B88E /* GS_TaxDetailModel.h in Headers */ = {isa = PBXBuildFile; fileRef = AADA701520133D240069B88E /* GS_TaxDetailModel.h */; };
		AADA70B120133D240069B88E /* GS_TaxFormInfosModel.m in Sources */ = {isa = PBXBuildFile; fileRef = AADA701620133D240069B88E /* GS_TaxFormInfosModel.m */; };
		AADA70B220133D240069B88E /* GS_TaxUrlInfosModel.h in Headers */ = {isa = PBXBuildFile; fileRef = AADA701720133D240069B88E /* GS_TaxUrlInfosModel.h */; };
		AADA70B320133D240069B88E /* GS_TaxInputInfosModel.m in Sources */ = {isa = PBXBuildFile; fileRef = AADA701820133D240069B88E /* GS_TaxInputInfosModel.m */; };
		AADA70B420133D240069B88E /* GS_TaxLoginHelpModel.h in Headers */ = {isa = PBXBuildFile; fileRef = AADA701920133D240069B88E /* GS_TaxLoginHelpModel.h */; };
		AADA70B520133D240069B88E /* GS_TaxLoginModel.h in Headers */ = {isa = PBXBuildFile; fileRef = AADA701A20133D240069B88E /* GS_TaxLoginModel.h */; };
		AADA70B620133D240069B88E /* GS_TaxSiteHelpModel.h in Headers */ = {isa = PBXBuildFile; fileRef = AADA701B20133D240069B88E /* GS_TaxSiteHelpModel.h */; };
		AADA70B720133D240069B88E /* GS_TaxAccountListModel.m in Sources */ = {isa = PBXBuildFile; fileRef = AADA701C20133D240069B88E /* GS_TaxAccountListModel.m */; };
		AADA70B820133D240069B88E /* GS_TaxPayInfosModel.m in Sources */ = {isa = PBXBuildFile; fileRef = AADA701D20133D240069B88E /* GS_TaxPayInfosModel.m */; };
		AADA70B920133D240069B88E /* GSTaxManage.m in Sources */ = {isa = PBXBuildFile; fileRef = AADA702020133D240069B88E /* GSTaxManage.m */; };
		AADA70BA20133D240069B88E /* GSTaxManage.h in Headers */ = {isa = PBXBuildFile; fileRef = AADA702120133D240069B88E /* GSTaxManage.h */; };
		AADA70BB20133D240069B88E /* GSErrorCode.h in Headers */ = {isa = PBXBuildFile; fileRef = AADA702220133D240069B88E /* GSErrorCode.h */; };
		AADA70BC20133D240069B88E /* GS_TaxAccountListVC.h in Headers */ = {isa = PBXBuildFile; fileRef = AADA702420133D240069B88E /* GS_TaxAccountListVC.h */; };
		AADA70BD20133D240069B88E /* GS_TaxAccountListVC.m in Sources */ = {isa = PBXBuildFile; fileRef = AADA702520133D240069B88E /* GS_TaxAccountListVC.m */; };
		AADA70BE20133D240069B88E /* GS_HotCityTableViewCell.m in Sources */ = {isa = PBXBuildFile; fileRef = AADA702720133D240069B88E /* GS_HotCityTableViewCell.m */; };
		AADA70BF20133D240069B88E /* GS_LocationCityTableViewCell.m in Sources */ = {isa = PBXBuildFile; fileRef = AADA702820133D240069B88E /* GS_LocationCityTableViewCell.m */; };
		AADA70C020133D240069B88E /* GS_CityPickerVC.h in Headers */ = {isa = PBXBuildFile; fileRef = AADA702920133D240069B88E /* GS_CityPickerVC.h */; };
		AADA70C120133D240069B88E /* GS_CityPickerVC.m in Sources */ = {isa = PBXBuildFile; fileRef = AADA702A20133D240069B88E /* GS_CityPickerVC.m */; };
		AADA70C220133D240069B88E /* GS_LocationCityTableViewCell.h in Headers */ = {isa = PBXBuildFile; fileRef = AADA702B20133D240069B88E /* GS_LocationCityTableViewCell.h */; };
		AADA70C320133D240069B88E /* GS_HotCityTableViewCell.h in Headers */ = {isa = PBXBuildFile; fileRef = AADA702C20133D240069B88E /* GS_HotCityTableViewCell.h */; };
		AADA70C420133D240069B88E /* GS_TaxDetailnfoVC.h in Headers */ = {isa = PBXBuildFile; fileRef = AADA702E20133D240069B88E /* GS_TaxDetailnfoVC.h */; };
		AADA70C520133D240069B88E /* GS_TaxRefreshVM.h in Headers */ = {isa = PBXBuildFile; fileRef = AADA702F20133D240069B88E /* GS_TaxRefreshVM.h */; };
		AADA70C620133D240069B88E /* GS_TaxDetailnfoVC.m in Sources */ = {isa = PBXBuildFile; fileRef = AADA703020133D240069B88E /* GS_TaxDetailnfoVC.m */; };
		AADA70C720133D240069B88E /* GS_TaxRefreshVM.m in Sources */ = {isa = PBXBuildFile; fileRef = AADA703120133D240069B88E /* GS_TaxRefreshVM.m */; };
		AADA70C820133D240069B88E /* GS_UIWebViewPublicVC.h in Headers */ = {isa = PBXBuildFile; fileRef = AADA703320133D240069B88E /* GS_UIWebViewPublicVC.h */; };
		AADA70C920133D240069B88E /* GS_TaxLoginHelpVC.m in Sources */ = {isa = PBXBuildFile; fileRef = AADA703420133D240069B88E /* GS_TaxLoginHelpVC.m */; };
		AADA70CA20133D240069B88E /* GS_TaxLoginOverdueVC.h in Headers */ = {isa = PBXBuildFile; fileRef = AADA703520133D240069B88E /* GS_TaxLoginOverdueVC.h */; };
		AADA70CB20133D240069B88E /* GS_TaxLoginVC.h in Headers */ = {isa = PBXBuildFile; fileRef = AADA703620133D240069B88E /* GS_TaxLoginVC.h */; };
		AADA70CC20133D240069B88E /* GS_UIWebViewPublicVC.m in Sources */ = {isa = PBXBuildFile; fileRef = AADA703720133D240069B88E /* GS_UIWebViewPublicVC.m */; };
		AADA70CD20133D240069B88E /* GS_TaxLoginHelpVC.h in Headers */ = {isa = PBXBuildFile; fileRef = AADA703820133D240069B88E /* GS_TaxLoginHelpVC.h */; };
		AADA70CE20133D240069B88E /* GS_TaxLoginOverdueVC.m in Sources */ = {isa = PBXBuildFile; fileRef = AADA703920133D240069B88E /* GS_TaxLoginOverdueVC.m */; };
		AADA70CF20133D240069B88E /* GS_TaxLoginVC.m in Sources */ = {isa = PBXBuildFile; fileRef = AADA703A20133D240069B88E /* GS_TaxLoginVC.m */; };
		AADA70D020133D240069B88E /* GS_TaxLoginCell.h in Headers */ = {isa = PBXBuildFile; fileRef = AADA703C20133D240069B88E /* GS_TaxLoginCell.h */; };
		AADA70D120133D240069B88E /* GS_TaxAccountListCell.h in Headers */ = {isa = PBXBuildFile; fileRef = AADA703D20133D240069B88E /* GS_TaxAccountListCell.h */; };
		AADA70D220133D240069B88E /* GS_TaxResultView.h in Headers */ = {isa = PBXBuildFile; fileRef = AADA703E20133D240069B88E /* GS_TaxResultView.h */; };
		AADA70D320133D240069B88E /* GS_TaxInputAlertView.m in Sources */ = {isa = PBXBuildFile; fileRef = AADA703F20133D240069B88E /* GS_TaxInputAlertView.m */; };
		AADA70D420133D240069B88E /* GS_TaxDetailInfoCell.h in Headers */ = {isa = PBXBuildFile; fileRef = AADA704020133D240069B88E /* GS_TaxDetailInfoCell.h */; };
		AADA70D520133D240069B88E /* GS_MobileAlertView.m in Sources */ = {isa = PBXBuildFile; fileRef = AADA704120133D240069B88E /* GS_MobileAlertView.m */; };
		AADA70D620133D240069B88E /* GS_TaxLoginAnimationView.h in Headers */ = {isa = PBXBuildFile; fileRef = AADA704220133D240069B88E /* GS_TaxLoginAnimationView.h */; };
		AADA70D720133D240069B88E /* GS_TaxAccountListCell.m in Sources */ = {isa = PBXBuildFile; fileRef = AADA704320133D240069B88E /* GS_TaxAccountListCell.m */; };
		AADA70D820133D240069B88E /* GS_TaxLoginCell.m in Sources */ = {isa = PBXBuildFile; fileRef = AADA704420133D240069B88E /* GS_TaxLoginCell.m */; };
		AADA70D920133D240069B88E /* GS_MobileAlertView.h in Headers */ = {isa = PBXBuildFile; fileRef = AADA704520133D240069B88E /* GS_MobileAlertView.h */; };
		AADA70DA20133D240069B88E /* GS_TaxDetailInfoCell.m in Sources */ = {isa = PBXBuildFile; fileRef = AADA704620133D240069B88E /* GS_TaxDetailInfoCell.m */; };
		AADA70DB20133D240069B88E /* GS_TaxInputAlertView.h in Headers */ = {isa = PBXBuildFile; fileRef = AADA704720133D240069B88E /* GS_TaxInputAlertView.h */; };
		AADA70DC20133D240069B88E /* GS_TaxResultView.m in Sources */ = {isa = PBXBuildFile; fileRef = AADA704820133D240069B88E /* GS_TaxResultView.m */; };
		AADA70DD20133D240069B88E /* GS_TaxLoginAnimationView.m in Sources */ = {isa = PBXBuildFile; fileRef = AADA704920133D240069B88E /* GS_TaxLoginAnimationView.m */; };
		AADA70DE20133D240069B88E /* GSDefaultConfiguration.h in Headers */ = {isa = PBXBuildFile; fileRef = AADA704B20133D240069B88E /* GSDefaultConfiguration.h */; };
		AADA70DF20133D240069B88E /* GS_URLMacro.h in Headers */ = {isa = PBXBuildFile; fileRef = AADA704D20133D240069B88E /* GS_URLMacro.h */; };
		AADA70E020133D240069B88E /* GS_Hong.h in Headers */ = {isa = PBXBuildFile; fileRef = AADA704E20133D240069B88E /* GS_Hong.h */; };
		AADA70E220133D7F0069B88E /* GSPrefixHeader.pch in Headers */ = {isa = PBXBuildFile; fileRef = AADA70E120133D7F0069B88E /* GSPrefixHeader.pch */; };
		AADA70E520133DA10069B88E /* GS_GTMBase64.h in Headers */ = {isa = PBXBuildFile; fileRef = AADA70E320133DA10069B88E /* GS_GTMBase64.h */; };
		AADA70E620133DA10069B88E /* GS_GTMBase64.m in Sources */ = {isa = PBXBuildFile; fileRef = AADA70E420133DA10069B88E /* GS_GTMBase64.m */; };
/* End PBXBuildFile section */

/* Begin PBXFileReference section */
		AADA6F9B20133CE70069B88E /* TEST_SDK.framework */ = {isa = PBXFileReference; explicitFileType = wrapper.framework; includeInIndex = 0; path = TEST_SDK.framework; sourceTree = BUILT_PRODUCTS_DIR; };
		AADA6F9F20133CE70069B88E /* Info.plist */ = {isa = PBXFileReference; lastKnownFileType = text.plist.xml; path = Info.plist; sourceTree = "<group>"; };
		AADA6FA920133D240069B88E /* GS_ProgressHUD.h */ = {isa = PBXFileReference; fileEncoding = 4; lastKnownFileType = sourcecode.c.h; path = GS_ProgressHUD.h; sourceTree = "<group>"; };
		AADA6FAA20133D240069B88E /* GS_ViewTools.h */ = {isa = PBXFileReference; fileEncoding = 4; lastKnownFileType = sourcecode.c.h; path = GS_ViewTools.h; sourceTree = "<group>"; };
		AADA6FAB20133D240069B88E /* GS_DataTools.h */ = {isa = PBXFileReference; fileEncoding = 4; lastKnownFileType = sourcecode.c.h; path = GS_DataTools.h; sourceTree = "<group>"; };
		AADA6FAC20133D240069B88E /* GS_ParentViewController.h */ = {isa = PBXFileReference; fileEncoding = 4; lastKnownFileType = sourcecode.c.h; path = GS_ParentViewController.h; sourceTree = "<group>"; };
		AADA6FAD20133D240069B88E /* GS_ViewTools.m */ = {isa = PBXFileReference; fileEncoding = 4; lastKnownFileType = sourcecode.c.objc; path = GS_ViewTools.m; sourceTree = "<group>"; };
		AADA6FAE20133D240069B88E /* GS_ProgressHUD.m */ = {isa = PBXFileReference; fileEncoding = 4; lastKnownFileType = sourcecode.c.objc; path = GS_ProgressHUD.m; sourceTree = "<group>"; };
		AADA6FAF20133D240069B88E /* GS_ParentViewController.m */ = {isa = PBXFileReference; fileEncoding = 4; lastKnownFileType = sourcecode.c.objc; path = GS_ParentViewController.m; sourceTree = "<group>"; };
		AADA6FB020133D240069B88E /* GS_DataTools.m */ = {isa = PBXFileReference; fileEncoding = 4; lastKnownFileType = sourcecode.c.objc; path = GS_DataTools.m; sourceTree = "<group>"; };
		AADA6FB220133D240069B88E /* GS_NetWorking.m */ = {isa = PBXFileReference; fileEncoding = 4; lastKnownFileType = sourcecode.c.objc; path = GS_NetWorking.m; sourceTree = "<group>"; };
		AADA6FB420133D240069B88E /* GS_RSAEncryptor.m */ = {isa = PBXFileReference; fileEncoding = 4; lastKnownFileType = sourcecode.c.objc; path = GS_RSAEncryptor.m; sourceTree = "<group>"; };
		AADA6FB520133D240069B88E /* GS_GTMDefines.h */ = {isa = PBXFileReference; fileEncoding = 4; lastKnownFileType = sourcecode.c.h; path = GS_GTMDefines.h; sourceTree = "<group>"; };
		AADA6FB620133D240069B88E /* GS_RSAEncryptor.h */ = {isa = PBXFileReference; fileEncoding = 4; lastKnownFileType = sourcecode.c.h; path = GS_RSAEncryptor.h; sourceTree = "<group>"; };
		AADA6FB720133D240069B88E /* GS_NetWorking.h */ = {isa = PBXFileReference; fileEncoding = 4; lastKnownFileType = sourcecode.c.h; path = GS_NetWorking.h; sourceTree = "<group>"; };
		AADA6FB920133D240069B88E /* GS_ShareSingle.m */ = {isa = PBXFileReference; fileEncoding = 4; lastKnownFileType = sourcecode.c.objc; path = GS_ShareSingle.m; sourceTree = "<group>"; };
		AADA6FBA20133D240069B88E /* GS_ShareSingle.h */ = {isa = PBXFileReference; fileEncoding = 4; lastKnownFileType = sourcecode.c.h; path = GS_ShareSingle.h; sourceTree = "<group>"; };
		AADA6FBC20133D240069B88E /* GS_AFURLSessionManager.h */ = {isa = PBXFileReference; fileEncoding = 4; lastKnownFileType = sourcecode.c.h; path = GS_AFURLSessionManager.h; sourceTree = "<group>"; };
		AADA6FBD20133D240069B88E /* GS_AFNetworkReachabilityManager.h */ = {isa = PBXFileReference; fileEncoding = 4; lastKnownFileType = sourcecode.c.h; path = GS_AFNetworkReachabilityManager.h; sourceTree = "<group>"; };
		AADA6FBE20133D240069B88E /* GS_AFURLResponseSerialization.m */ = {isa = PBXFileReference; fileEncoding = 4; lastKnownFileType = sourcecode.c.objc; path = GS_AFURLResponseSerialization.m; sourceTree = "<group>"; };
		AADA6FBF20133D240069B88E /* GS_AFURLRequestSerialization.h */ = {isa = PBXFileReference; fileEncoding = 4; lastKnownFileType = sourcecode.c.h; path = GS_AFURLRequestSerialization.h; sourceTree = "<group>"; };
		AADA6FC020133D240069B88E /* GS_AFHTTPSessionManager.h */ = {isa = PBXFileReference; fileEncoding = 4; lastKnownFileType = sourcecode.c.h; path = GS_AFHTTPSessionManager.h; sourceTree = "<group>"; };
		AADA6FC120133D240069B88E /* GS_AFNetworking.h */ = {isa = PBXFileReference; fileEncoding = 4; lastKnownFileType = sourcecode.c.h; path = GS_AFNetworking.h; sourceTree = "<group>"; };
		AADA6FC220133D240069B88E /* GS_AFSecurityPolicy.m */ = {isa = PBXFileReference; fileEncoding = 4; lastKnownFileType = sourcecode.c.objc; path = GS_AFSecurityPolicy.m; sourceTree = "<group>"; };
		AADA6FC320133D240069B88E /* GS_AFNetworkReachabilityManager.m */ = {isa = PBXFileReference; fileEncoding = 4; lastKnownFileType = sourcecode.c.objc; path = GS_AFNetworkReachabilityManager.m; sourceTree = "<group>"; };
		AADA6FC420133D240069B88E /* GS_AFURLSessionManager.m */ = {isa = PBXFileReference; fileEncoding = 4; lastKnownFileType = sourcecode.c.objc; path = GS_AFURLSessionManager.m; sourceTree = "<group>"; };
		AADA6FC520133D240069B88E /* GS_AFURLRequestSerialization.m */ = {isa = PBXFileReference; fileEncoding = 4; lastKnownFileType = sourcecode.c.objc; path = GS_AFURLRequestSerialization.m; sourceTree = "<group>"; };
		AADA6FC620133D240069B88E /* GS_AFURLResponseSerialization.h */ = {isa = PBXFileReference; fileEncoding = 4; lastKnownFileType = sourcecode.c.h; path = GS_AFURLResponseSerialization.h; sourceTree = "<group>"; };
		AADA6FC720133D240069B88E /* GS_AFHTTPSessionManager.m */ = {isa = PBXFileReference; fileEncoding = 4; lastKnownFileType = sourcecode.c.objc; path = GS_AFHTTPSessionManager.m; sourceTree = "<group>"; };
		AADA6FC820133D240069B88E /* GS_AFSecurityPolicy.h */ = {isa = PBXFileReference; fileEncoding = 4; lastKnownFileType = sourcecode.c.h; path = GS_AFSecurityPolicy.h; sourceTree = "<group>"; };
		AADA6FCA20133D240069B88E /* GS_MBProgressHUD.h */ = {isa = PBXFileReference; fileEncoding = 4; lastKnownFileType = sourcecode.c.h; path = GS_MBProgressHUD.h; sourceTree = "<group>"; };
		AADA6FCB20133D240069B88E /* GS_MBProgressHUD.m */ = {isa = PBXFileReference; fileEncoding = 4; lastKnownFileType = sourcecode.c.objc; path = GS_MBProgressHUD.m; sourceTree = "<group>"; };
		AADA6FCD20133D240069B88E /* GS_ActionSheetStringPicker.h */ = {isa = PBXFileReference; fileEncoding = 4; lastKnownFileType = sourcecode.c.h; path = GS_ActionSheetStringPicker.h; sourceTree = "<group>"; };
		AADA6FCE20133D240069B88E /* GS_SWActionSheet.m */ = {isa = PBXFileReference; fileEncoding = 4; lastKnownFileType = sourcecode.c.objc; path = GS_SWActionSheet.m; sourceTree = "<group>"; };
		AADA6FCF20133D240069B88E /* GS_AbstractActionSheetPicker.h */ = {isa = PBXFileReference; fileEncoding = 4; lastKnownFileType = sourcecode.c.h; path = GS_AbstractActionSheetPicker.h; sourceTree = "<group>"; };
		AADA6FD020133D240069B88E /* GS_ActionSheetStringPicker.m */ = {isa = PBXFileReference; fileEncoding = 4; lastKnownFileType = sourcecode.c.objc; path = GS_ActionSheetStringPicker.m; sourceTree = "<group>"; };
		AADA6FD120133D240069B88E /* GS_SWActionSheet.h */ = {isa = PBXFileReference; fileEncoding = 4; lastKnownFileType = sourcecode.c.h; path = GS_SWActionSheet.h; sourceTree = "<group>"; };
		AADA6FD220133D240069B88E /* GS_AbstractActionSheetPicker.m */ = {isa = PBXFileReference; fileEncoding = 4; lastKnownFileType = sourcecode.c.objc; path = GS_AbstractActionSheetPicker.m; sourceTree = "<group>"; };
		AADA6FD420133D240069B88E /* NSObject+GS_YYModel.h */ = {isa = PBXFileReference; fileEncoding = 4; lastKnownFileType = sourcecode.c.h; path = "NSObject+GS_YYModel.h"; sourceTree = "<group>"; };
		AADA6FD520133D240069B88E /* GS_YYClassInfo.h */ = {isa = PBXFileReference; fileEncoding = 4; lastKnownFileType = sourcecode.c.h; path = GS_YYClassInfo.h; sourceTree = "<group>"; };
		AADA6FD620133D240069B88E /* GS_YYModel.h */ = {isa = PBXFileReference; fileEncoding = 4; lastKnownFileType = sourcecode.c.h; path = GS_YYModel.h; sourceTree = "<group>"; };
		AADA6FD720133D240069B88E /* NSObject+GS_YYModel.m */ = {isa = PBXFileReference; fileEncoding = 4; lastKnownFileType = sourcecode.c.objc; path = "NSObject+GS_YYModel.m"; sourceTree = "<group>"; };
		AADA6FD820133D240069B88E /* GS_YYClassInfo.m */ = {isa = PBXFileReference; fileEncoding = 4; lastKnownFileType = sourcecode.c.objc; path = GS_YYClassInfo.m; sourceTree = "<group>"; };
		AADA6FDA20133D240069B88E /* UIView+GS_Catrgory.m */ = {isa = PBXFileReference; fileEncoding = 4; lastKnownFileType = sourcecode.c.objc; path = "UIView+GS_Catrgory.m"; sourceTree = "<group>"; };
		AADA6FDB20133D240069B88E /* UILabel+GS_Category.m */ = {isa = PBXFileReference; fileEncoding = 4; lastKnownFileType = sourcecode.c.objc; path = "UILabel+GS_Category.m"; sourceTree = "<group>"; };
		AADA6FDC20133D240069B88E /* UIButton+GS_Category.m */ = {isa = PBXFileReference; fileEncoding = 4; lastKnownFileType = sourcecode.c.objc; path = "UIButton+GS_Category.m"; sourceTree = "<group>"; };
		AADA6FDD20133D240069B88E /* UIView+GS_Catrgory.h */ = {isa = PBXFileReference; fileEncoding = 4; lastKnownFileType = sourcecode.c.h; path = "UIView+GS_Catrgory.h"; sourceTree = "<group>"; };
		AADA6FDE20133D240069B88E /* UIButton+GS_Category.h */ = {isa = PBXFileReference; fileEncoding = 4; lastKnownFileType = sourcecode.c.h; path = "UIButton+GS_Category.h"; sourceTree = "<group>"; };
		AADA6FDF20133D240069B88E /* UILabel+GS_Category.h */ = {isa = PBXFileReference; fileEncoding = 4; lastKnownFileType = sourcecode.c.h; path = "UILabel+GS_Category.h"; sourceTree = "<group>"; };
		AADA6FE120133D240069B88E /* hud_warning@2x.png */ = {isa = PBXFileReference; lastKnownFileType = image.png; path = "hud_warning@2x.png"; sourceTree = "<group>"; };
		AADA6FE220133D240069B88E /* gs_resultright@3x.png */ = {isa = PBXFileReference; lastKnownFileType = image.png; path = "gs_resultright@3x.png"; sourceTree = "<group>"; };
		AADA6FE320133D240069B88E /* hud_success@2x.png */ = {isa = PBXFileReference; lastKnownFileType = image.png; path = "hud_success@2x.png"; sourceTree = "<group>"; };
		AADA6FE420133D240069B88E /* gs_resultwarning@3x.png */ = {isa = PBXFileReference; lastKnownFileType = image.png; path = "gs_resultwarning@3x.png"; sourceTree = "<group>"; };
		AADA6FE520133D240069B88E /* gs_resultwrong@2x.png */ = {isa = PBXFileReference; lastKnownFileType = image.png; path = "gs_resultwrong@2x.png"; sourceTree = "<group>"; };
		AADA6FE620133D240069B88E /* gs_agreebutton@2x.png */ = {isa = PBXFileReference; lastKnownFileType = image.png; path = "gs_agreebutton@2x.png"; sourceTree = "<group>"; };
		AADA6FE720133D240069B88E /* gs_agreebutton@3x.png */ = {isa = PBXFileReference; lastKnownFileType = image.png; path = "gs_agreebutton@3x.png"; sourceTree = "<group>"; };
		AADA6FE820133D240069B88E /* gs_resultwrong@3x.png */ = {isa = PBXFileReference; lastKnownFileType = image.png; path = "gs_resultwrong@3x.png"; sourceTree = "<group>"; };
		AADA6FE920133D240069B88E /* gs_resultwarning@2x.png */ = {isa = PBXFileReference; lastKnownFileType = image.png; path = "gs_resultwarning@2x.png"; sourceTree = "<group>"; };
		AADA6FEA20133D240069B88E /* hud_success@3x.png */ = {isa = PBXFileReference; lastKnownFileType = image.png; path = "hud_success@3x.png"; sourceTree = "<group>"; };
		AADA6FEB20133D240069B88E /* gs_resultright@2x.png */ = {isa = PBXFileReference; lastKnownFileType = image.png; path = "gs_resultright@2x.png"; sourceTree = "<group>"; };
		AADA6FEC20133D240069B88E /* citytest.plist */ = {isa = PBXFileReference; fileEncoding = 4; lastKnownFileType = text.plist.xml; path = citytest.plist; sourceTree = "<group>"; };
		AADA6FED20133D240069B88E /* hud_warning@3x.png */ = {isa = PBXFileReference; lastKnownFileType = image.png; path = "hud_warning@3x.png"; sourceTree = "<group>"; };
		AADA6FEE20133D240069B88E /* gs_nvcback@2x.png */ = {isa = PBXFileReference; lastKnownFileType = image.png; path = "gs_nvcback@2x.png"; sourceTree = "<group>"; };
		AADA6FEF20133D240069B88E /* gs_closeTip@3x.png */ = {isa = PBXFileReference; lastKnownFileType = image.png; path = "gs_closeTip@3x.png"; sourceTree = "<group>"; };
		AADA6FF020133D240069B88E /* gs_taxrefrensh@2x.png */ = {isa = PBXFileReference; lastKnownFileType = image.png; path = "gs_taxrefrensh@2x.png"; sourceTree = "<group>"; };
		AADA6FF120133D240069B88E /* gs_trash@3x.png */ = {isa = PBXFileReference; lastKnownFileType = image.png; path = "gs_trash@3x.png"; sourceTree = "<group>"; };
		AADA6FF220133D240069B88E /* ios-ref@2x.png */ = {isa = PBXFileReference; lastKnownFileType = image.png; path = "ios-ref@2x.png"; sourceTree = "<group>"; };
		AADA6FF320133D240069B88E /* ios-ref@3x.png */ = {isa = PBXFileReference; lastKnownFileType = image.png; path = "ios-ref@3x.png"; sourceTree = "<group>"; };
		AADA6FF420133D240069B88E /* gs_trash@2x.png */ = {isa = PBXFileReference; lastKnownFileType = image.png; path = "gs_trash@2x.png"; sourceTree = "<group>"; };
		AADA6FF520133D240069B88E /* gs_taxrefrensh@3x.png */ = {isa = PBXFileReference; lastKnownFileType = image.png; path = "gs_taxrefrensh@3x.png"; sourceTree = "<group>"; };
		AADA6FF620133D240069B88E /* gs_nvcback@3x.png */ = {isa = PBXFileReference; lastKnownFileType = image.png; path = "gs_nvcback@3x.png"; sourceTree = "<group>"; };
		AADA6FF720133D240069B88E /* gs_closeTip@2x.png */ = {isa = PBXFileReference; lastKnownFileType = image.png; path = "gs_closeTip@2x.png"; sourceTree = "<group>"; };
		AADA6FF820133D240069B88E /* gs_taxlogincycle@3x.png */ = {isa = PBXFileReference; lastKnownFileType = image.png; path = "gs_taxlogincycle@3x.png"; sourceTree = "<group>"; };
		AADA6FF920133D240069B88E /* gs_moredown@3x.png */ = {isa = PBXFileReference; lastKnownFileType = image.png; path = "gs_moredown@3x.png"; sourceTree = "<group>"; };
		AADA6FFA20133D240069B88E /* gs_taxdetailup@3x.png */ = {isa = PBXFileReference; lastKnownFileType = image.png; path = "gs_taxdetailup@3x.png"; sourceTree = "<group>"; };
		AADA6FFB20133D240069B88E /* gs_taxloginlogo@2x.png */ = {isa = PBXFileReference; lastKnownFileType = image.png; path = "gs_taxloginlogo@2x.png"; sourceTree = "<group>"; };
		AADA6FFC20133D240069B88E /* gs_taxloginlogo@3x.png */ = {isa = PBXFileReference; lastKnownFileType = image.png; path = "gs_taxloginlogo@3x.png"; sourceTree = "<group>"; };
		AADA6FFD20133D240069B88E /* gs_taxdetailup@2x.png */ = {isa = PBXFileReference; lastKnownFileType = image.png; path = "gs_taxdetailup@2x.png"; sourceTree = "<group>"; };
		AADA6FFE20133D240069B88E /* gs_moredown@2x.png */ = {isa = PBXFileReference; lastKnownFileType = image.png; path = "gs_moredown@2x.png"; sourceTree = "<group>"; };
		AADA6FFF20133D240069B88E /* gs_taxlogincycle@2x.png */ = {isa = PBXFileReference; lastKnownFileType = image.png; path = "gs_taxlogincycle@2x.png"; sourceTree = "<group>"; };
		AADA700020133D240069B88E /* gs_codeloading@2x.png */ = {isa = PBXFileReference; lastKnownFileType = image.png; path = "gs_codeloading@2x.png"; sourceTree = "<group>"; };
		AADA700120133D240069B88E /* gs_taxmoreinputtip@3x.png */ = {isa = PBXFileReference; lastKnownFileType = image.png; path = "gs_taxmoreinputtip@3x.png"; sourceTree = "<group>"; };
		AADA700220133D240069B88E /* gs_taxdetaildown@2x.png */ = {isa = PBXFileReference; lastKnownFileType = image.png; path = "gs_taxdetaildown@2x.png"; sourceTree = "<group>"; };
		AADA700320133D240069B88E /* ios-loc@2x.png */ = {isa = PBXFileReference; lastKnownFileType = image.png; path = "ios-loc@2x.png"; sourceTree = "<group>"; };
		AADA700420133D240069B88E /* gs_imageCodeFaild@3x.png */ = {isa = PBXFileReference; lastKnownFileType = image.png; path = "gs_imageCodeFaild@3x.png"; sourceTree = "<group>"; };
		AADA700520133D240069B88E /* gs_imageCodeFaild@2x.png */ = {isa = PBXFileReference; lastKnownFileType = image.png; path = "gs_imageCodeFaild@2x.png"; sourceTree = "<group>"; };
		AADA700620133D240069B88E /* ios-loc@3x.png */ = {isa = PBXFileReference; lastKnownFileType = image.png; path = "ios-loc@3x.png"; sourceTree = "<group>"; };
		AADA700720133D240069B88E /* gs_taxdetaildown@3x.png */ = {isa = PBXFileReference; lastKnownFileType = image.png; path = "gs_taxdetaildown@3x.png"; sourceTree = "<group>"; };
		AADA700820133D240069B88E /* gs_taxmoreinputtip@2x.png */ = {isa = PBXFileReference; lastKnownFileType = image.png; path = "gs_taxmoreinputtip@2x.png"; sourceTree = "<group>"; };
		AADA700920133D240069B88E /* gs_codeloading@3x.png */ = {isa = PBXFileReference; lastKnownFileType = image.png; path = "gs_codeloading@3x.png"; sourceTree = "<group>"; };
		AADA700C20133D240069B88E /* GS_TaxLoginHelpModel.m */ = {isa = PBXFileReference; fileEncoding = 4; lastKnownFileType = sourcecode.c.objc; path = GS_TaxLoginHelpModel.m; sourceTree = "<group>"; };
		AADA700D20133D240069B88E /* GS_TaxInputInfosModel.h */ = {isa = PBXFileReference; fileEncoding = 4; lastKnownFileType = sourcecode.c.h; path = GS_TaxInputInfosModel.h; sourceTree = "<group>"; };
		AADA700E20133D240069B88E /* GS_TaxUrlInfosModel.m */ = {isa = PBXFileReference; fileEncoding = 4; lastKnownFileType = sourcecode.c.objc; path = GS_TaxUrlInfosModel.m; sourceTree = "<group>"; };
		AADA700F20133D240069B88E /* GS_TaxFormInfosModel.h */ = {isa = PBXFileReference; fileEncoding = 4; lastKnownFileType = sourcecode.c.h; path = GS_TaxFormInfosModel.h; sourceTree = "<group>"; };
		AADA701020133D240069B88E /* GS_TaxDetailModel.m */ = {isa = PBXFileReference; fileEncoding = 4; lastKnownFileType = sourcecode.c.objc; path = GS_TaxDetailModel.m; sourceTree = "<group>"; };
		AADA701120133D240069B88E /* GS_TaxAccountListModel.h */ = {isa = PBXFileReference; fileEncoding = 4; lastKnownFileType = sourcecode.c.h; path = GS_TaxAccountListModel.h; sourceTree = "<group>"; };
		AADA701220133D240069B88E /* GS_TaxSiteHelpModel.m */ = {isa = PBXFileReference; fileEncoding = 4; lastKnownFileType = sourcecode.c.objc; path = GS_TaxSiteHelpModel.m; sourceTree = "<group>"; };
		AADA701320133D240069B88E /* GS_TaxLoginModel.m */ = {isa = PBXFileReference; fileEncoding = 4; lastKnownFileType = sourcecode.c.objc; path = GS_TaxLoginModel.m; sourceTree = "<group>"; };
		AADA701420133D240069B88E /* GS_TaxPayInfosModel.h */ = {isa = PBXFileReference; fileEncoding = 4; lastKnownFileType = sourcecode.c.h; path = GS_TaxPayInfosModel.h; sourceTree = "<group>"; };
		AADA701520133D240069B88E /* GS_TaxDetailModel.h */ = {isa = PBXFileReference; fileEncoding = 4; lastKnownFileType = sourcecode.c.h; path = GS_TaxDetailModel.h; sourceTree = "<group>"; };
		AADA701620133D240069B88E /* GS_TaxFormInfosModel.m */ = {isa = PBXFileReference; fileEncoding = 4; lastKnownFileType = sourcecode.c.objc; path = GS_TaxFormInfosModel.m; sourceTree = "<group>"; };
		AADA701720133D240069B88E /* GS_TaxUrlInfosModel.h */ = {isa = PBXFileReference; fileEncoding = 4; lastKnownFileType = sourcecode.c.h; path = GS_TaxUrlInfosModel.h; sourceTree = "<group>"; };
		AADA701820133D240069B88E /* GS_TaxInputInfosModel.m */ = {isa = PBXFileReference; fileEncoding = 4; lastKnownFileType = sourcecode.c.objc; path = GS_TaxInputInfosModel.m; sourceTree = "<group>"; };
		AADA701920133D240069B88E /* GS_TaxLoginHelpModel.h */ = {isa = PBXFileReference; fileEncoding = 4; lastKnownFileType = sourcecode.c.h; path = GS_TaxLoginHelpModel.h; sourceTree = "<group>"; };
		AADA701A20133D240069B88E /* GS_TaxLoginModel.h */ = {isa = PBXFileReference; fileEncoding = 4; lastKnownFileType = sourcecode.c.h; path = GS_TaxLoginModel.h; sourceTree = "<group>"; };
		AADA701B20133D240069B88E /* GS_TaxSiteHelpModel.h */ = {isa = PBXFileReference; fileEncoding = 4; lastKnownFileType = sourcecode.c.h; path = GS_TaxSiteHelpModel.h; sourceTree = "<group>"; };
		AADA701C20133D240069B88E /* GS_TaxAccountListModel.m */ = {isa = PBXFileReference; fileEncoding = 4; lastKnownFileType = sourcecode.c.objc; path = GS_TaxAccountListModel.m; sourceTree = "<group>"; };
		AADA701D20133D240069B88E /* GS_TaxPayInfosModel.m */ = {isa = PBXFileReference; fileEncoding = 4; lastKnownFileType = sourcecode.c.objc; path = GS_TaxPayInfosModel.m; sourceTree = "<group>"; };
		AADA702020133D240069B88E /* GSTaxManage.m */ = {isa = PBXFileReference; fileEncoding = 4; lastKnownFileType = sourcecode.c.objc; path = GSTaxManage.m; sourceTree = "<group>"; };
		AADA702120133D240069B88E /* GSTaxManage.h */ = {isa = PBXFileReference; fileEncoding = 4; lastKnownFileType = sourcecode.c.h; path = GSTaxManage.h; sourceTree = "<group>"; };
		AADA702220133D240069B88E /* GSErrorCode.h */ = {isa = PBXFileReference; fileEncoding = 4; lastKnownFileType = sourcecode.c.h; path = GSErrorCode.h; sourceTree = "<group>"; };
		AADA702420133D240069B88E /* GS_TaxAccountListVC.h */ = {isa = PBXFileReference; fileEncoding = 4; lastKnownFileType = sourcecode.c.h; path = GS_TaxAccountListVC.h; sourceTree = "<group>"; };
		AADA702520133D240069B88E /* GS_TaxAccountListVC.m */ = {isa = PBXFileReference; fileEncoding = 4; lastKnownFileType = sourcecode.c.objc; path = GS_TaxAccountListVC.m; sourceTree = "<group>"; };
		AADA702720133D240069B88E /* GS_HotCityTableViewCell.m */ = {isa = PBXFileReference; fileEncoding = 4; lastKnownFileType = sourcecode.c.objc; path = GS_HotCityTableViewCell.m; sourceTree = "<group>"; };
		AADA702820133D240069B88E /* GS_LocationCityTableViewCell.m */ = {isa = PBXFileReference; fileEncoding = 4; lastKnownFileType = sourcecode.c.objc; path = GS_LocationCityTableViewCell.m; sourceTree = "<group>"; };
		AADA702920133D240069B88E /* GS_CityPickerVC.h */ = {isa = PBXFileReference; fileEncoding = 4; lastKnownFileType = sourcecode.c.h; path = GS_CityPickerVC.h; sourceTree = "<group>"; };
		AADA702A20133D240069B88E /* GS_CityPickerVC.m */ = {isa = PBXFileReference; fileEncoding = 4; lastKnownFileType = sourcecode.c.objc; path = GS_CityPickerVC.m; sourceTree = "<group>"; };
		AADA702B20133D240069B88E /* GS_LocationCityTableViewCell.h */ = {isa = PBXFileReference; fileEncoding = 4; lastKnownFileType = sourcecode.c.h; path = GS_LocationCityTableViewCell.h; sourceTree = "<group>"; };
		AADA702C20133D240069B88E /* GS_HotCityTableViewCell.h */ = {isa = PBXFileReference; fileEncoding = 4; lastKnownFileType = sourcecode.c.h; path = GS_HotCityTableViewCell.h; sourceTree = "<group>"; };
		AADA702E20133D240069B88E /* GS_TaxDetailnfoVC.h */ = {isa = PBXFileReference; fileEncoding = 4; lastKnownFileType = sourcecode.c.h; path = GS_TaxDetailnfoVC.h; sourceTree = "<group>"; };
		AADA702F20133D240069B88E /* GS_TaxRefreshVM.h */ = {isa = PBXFileReference; fileEncoding = 4; lastKnownFileType = sourcecode.c.h; path = GS_TaxRefreshVM.h; sourceTree = "<group>"; };
		AADA703020133D240069B88E /* GS_TaxDetailnfoVC.m */ = {isa = PBXFileReference; fileEncoding = 4; lastKnownFileType = sourcecode.c.objc; path = GS_TaxDetailnfoVC.m; sourceTree = "<group>"; };
		AADA703120133D240069B88E /* GS_TaxRefreshVM.m */ = {isa = PBXFileReference; fileEncoding = 4; lastKnownFileType = sourcecode.c.objc; path = GS_TaxRefreshVM.m; sourceTree = "<group>"; };
		AADA703320133D240069B88E /* GS_UIWebViewPublicVC.h */ = {isa = PBXFileReference; fileEncoding = 4; lastKnownFileType = sourcecode.c.h; path = GS_UIWebViewPublicVC.h; sourceTree = "<group>"; };
		AADA703420133D240069B88E /* GS_TaxLoginHelpVC.m */ = {isa = PBXFileReference; fileEncoding = 4; lastKnownFileType = sourcecode.c.objc; path = GS_TaxLoginHelpVC.m; sourceTree = "<group>"; };
		AADA703520133D240069B88E /* GS_TaxLoginOverdueVC.h */ = {isa = PBXFileReference; fileEncoding = 4; lastKnownFileType = sourcecode.c.h; path = GS_TaxLoginOverdueVC.h; sourceTree = "<group>"; };
		AADA703620133D240069B88E /* GS_TaxLoginVC.h */ = {isa = PBXFileReference; fileEncoding = 4; lastKnownFileType = sourcecode.c.h; path = GS_TaxLoginVC.h; sourceTree = "<group>"; };
		AADA703720133D240069B88E /* GS_UIWebViewPublicVC.m */ = {isa = PBXFileReference; fileEncoding = 4; lastKnownFileType = sourcecode.c.objc; path = GS_UIWebViewPublicVC.m; sourceTree = "<group>"; };
		AADA703820133D240069B88E /* GS_TaxLoginHelpVC.h */ = {isa = PBXFileReference; fileEncoding = 4; lastKnownFileType = sourcecode.c.h; path = GS_TaxLoginHelpVC.h; sourceTree = "<group>"; };
		AADA703920133D240069B88E /* GS_TaxLoginOverdueVC.m */ = {isa = PBXFileReference; fileEncoding = 4; lastKnownFileType = sourcecode.c.objc; path = GS_TaxLoginOverdueVC.m; sourceTree = "<group>"; };
		AADA703A20133D240069B88E /* GS_TaxLoginVC.m */ = {isa = PBXFileReference; fileEncoding = 4; lastKnownFileType = sourcecode.c.objc; path = GS_TaxLoginVC.m; sourceTree = "<group>"; };
		AADA703C20133D240069B88E /* GS_TaxLoginCell.h */ = {isa = PBXFileReference; fileEncoding = 4; lastKnownFileType = sourcecode.c.h; path = GS_TaxLoginCell.h; sourceTree = "<group>"; };
		AADA703D20133D240069B88E /* GS_TaxAccountListCell.h */ = {isa = PBXFileReference; fileEncoding = 4; lastKnownFileType = sourcecode.c.h; path = GS_TaxAccountListCell.h; sourceTree = "<group>"; };
		AADA703E20133D240069B88E /* GS_TaxResultView.h */ = {isa = PBXFileReference; fileEncoding = 4; lastKnownFileType = sourcecode.c.h; path = GS_TaxResultView.h; sourceTree = "<group>"; };
		AADA703F20133D240069B88E /* GS_TaxInputAlertView.m */ = {isa = PBXFileReference; fileEncoding = 4; lastKnownFileType = sourcecode.c.objc; path = GS_TaxInputAlertView.m; sourceTree = "<group>"; };
		AADA704020133D240069B88E /* GS_TaxDetailInfoCell.h */ = {isa = PBXFileReference; fileEncoding = 4; lastKnownFileType = sourcecode.c.h; path = GS_TaxDetailInfoCell.h; sourceTree = "<group>"; };
		AADA704120133D240069B88E /* GS_MobileAlertView.m */ = {isa = PBXFileReference; fileEncoding = 4; lastKnownFileType = sourcecode.c.objc; path = GS_MobileAlertView.m; sourceTree = "<group>"; };
		AADA704220133D240069B88E /* GS_TaxLoginAnimationView.h */ = {isa = PBXFileReference; fileEncoding = 4; lastKnownFileType = sourcecode.c.h; path = GS_TaxLoginAnimationView.h; sourceTree = "<group>"; };
		AADA704320133D240069B88E /* GS_TaxAccountListCell.m */ = {isa = PBXFileReference; fileEncoding = 4; lastKnownFileType = sourcecode.c.objc; path = GS_TaxAccountListCell.m; sourceTree = "<group>"; };
		AADA704420133D240069B88E /* GS_TaxLoginCell.m */ = {isa = PBXFileReference; fileEncoding = 4; lastKnownFileType = sourcecode.c.objc; path = GS_TaxLoginCell.m; sourceTree = "<group>"; };
		AADA704520133D240069B88E /* GS_MobileAlertView.h */ = {isa = PBXFileReference; fileEncoding = 4; lastKnownFileType = sourcecode.c.h; path = GS_MobileAlertView.h; sourceTree = "<group>"; };
		AADA704620133D240069B88E /* GS_TaxDetailInfoCell.m */ = {isa = PBXFileReference; fileEncoding = 4; lastKnownFileType = sourcecode.c.objc; path = GS_TaxDetailInfoCell.m; sourceTree = "<group>"; };
		AADA704720133D240069B88E /* GS_TaxInputAlertView.h */ = {isa = PBXFileReference; fileEncoding = 4; lastKnownFileType = sourcecode.c.h; path = GS_TaxInputAlertView.h; sourceTree = "<group>"; };
		AADA704820133D240069B88E /* GS_TaxResultView.m */ = {isa = PBXFileReference; fileEncoding = 4; lastKnownFileType = sourcecode.c.objc; path = GS_TaxResultView.m; sourceTree = "<group>"; };
		AADA704920133D240069B88E /* GS_TaxLoginAnimationView.m */ = {isa = PBXFileReference; fileEncoding = 4; lastKnownFileType = sourcecode.c.objc; path = GS_TaxLoginAnimationView.m; sourceTree = "<group>"; };
		AADA704B20133D240069B88E /* GSDefaultConfiguration.h */ = {isa = PBXFileReference; fileEncoding = 4; lastKnownFileType = sourcecode.c.h; path = GSDefaultConfiguration.h; sourceTree = "<group>"; };
		AADA704D20133D240069B88E /* GS_URLMacro.h */ = {isa = PBXFileReference; fileEncoding = 4; lastKnownFileType = sourcecode.c.h; path = GS_URLMacro.h; sourceTree = "<group>"; };
		AADA704E20133D240069B88E /* GS_Hong.h */ = {isa = PBXFileReference; fileEncoding = 4; lastKnownFileType = sourcecode.c.h; path = GS_Hong.h; sourceTree = "<group>"; };
		AADA70E120133D7F0069B88E /* GSPrefixHeader.pch */ = {isa = PBXFileReference; fileEncoding = 4; lastKnownFileType = sourcecode.c.h; path = GSPrefixHeader.pch; sourceTree = "<group>"; };
		AADA70E320133DA10069B88E /* GS_GTMBase64.h */ = {isa = PBXFileReference; fileEncoding = 4; lastKnownFileType = sourcecode.c.h; path = GS_GTMBase64.h; sourceTree = "<group>"; };
		AADA70E420133DA10069B88E /* GS_GTMBase64.m */ = {isa = PBXFileReference; fileEncoding = 4; lastKnownFileType = sourcecode.c.objc; path = GS_GTMBase64.m; sourceTree = "<group>"; };
/* End PBXFileReference section */

/* Begin PBXFrameworksBuildPhase section */
		AADA6F9720133CE70069B88E /* Frameworks */ = {
			isa = PBXFrameworksBuildPhase;
			buildActionMask = 2147483647;
			files = (
			);
			runOnlyForDeploymentPostprocessing = 0;
		};
/* End PBXFrameworksBuildPhase section */

/* Begin PBXGroup section */
		AADA6F9120133CE70069B88E = {
			isa = PBXGroup;
			children = (
				AADA6F9D20133CE70069B88E /* TEST_SDK */,
				AADA6F9C20133CE70069B88E /* Products */,
			);
			sourceTree = "<group>";
		};
		AADA6F9C20133CE70069B88E /* Products */ = {
			isa = PBXGroup;
			children = (
				AADA6F9B20133CE70069B88E /* TEST_SDK.framework */,
			);
			name = Products;
			sourceTree = "<group>";
		};
		AADA6F9D20133CE70069B88E /* TEST_SDK */ = {
			isa = PBXGroup;
			children = (
				AADA70E120133D7F0069B88E /* GSPrefixHeader.pch */,
				AADA70E320133DA10069B88E /* GS_GTMBase64.h */,
				AADA70E420133DA10069B88E /* GS_GTMBase64.m */,
				AADA6FA620133D240069B88E /* Classes */,
				AADA6F9F20133CE70069B88E /* Info.plist */,
			);
			path = TEST_SDK;
			sourceTree = "<group>";
		};
		AADA6FA620133D240069B88E /* Classes */ = {
			isa = PBXGroup;
			children = (
				AADA6FA720133D240069B88E /* Tools */,
				AADA6FE020133D240069B88E /* Images */,
				AADA700A20133D240069B88E /* Tax */,
				AADA704A20133D240069B88E /* Public */,
				AADA704C20133D240069B88E /* Private */,
			);
			path = Classes;
			sourceTree = "<group>";
		};
		AADA6FA720133D240069B88E /* Tools */ = {
			isa = PBXGroup;
			children = (
				AADA6FA820133D240069B88E /* ViewModels */,
				AADA6FB120133D240069B88E /* NetWorking */,
				AADA6FB820133D240069B88E /* ShareSingle */,
				AADA6FBB20133D240069B88E /* GS_AFNetworking */,
				AADA6FC920133D240069B88E /* GS_MBProgressHUD */,
				AADA6FCC20133D240069B88E /* GS_ActionSheetPicker */,
				AADA6FD320133D240069B88E /* GS_YYModel */,
				AADA6FD920133D240069B88E /* Categorys */,
			);
			path = Tools;
			sourceTree = "<group>";
		};
		AADA6FA820133D240069B88E /* ViewModels */ = {
			isa = PBXGroup;
			children = (
				AADA6FA920133D240069B88E /* GS_ProgressHUD.h */,
				AADA6FAA20133D240069B88E /* GS_ViewTools.h */,
				AADA6FAB20133D240069B88E /* GS_DataTools.h */,
				AADA6FAC20133D240069B88E /* GS_ParentViewController.h */,
				AADA6FAD20133D240069B88E /* GS_ViewTools.m */,
				AADA6FAE20133D240069B88E /* GS_ProgressHUD.m */,
				AADA6FAF20133D240069B88E /* GS_ParentViewController.m */,
				AADA6FB020133D240069B88E /* GS_DataTools.m */,
			);
			path = ViewModels;
			sourceTree = "<group>";
		};
		AADA6FB120133D240069B88E /* NetWorking */ = {
			isa = PBXGroup;
			children = (
				AADA6FB220133D240069B88E /* GS_NetWorking.m */,
				AADA6FB320133D240069B88E /* TripleDES */,
				AADA6FB720133D240069B88E /* GS_NetWorking.h */,
			);
			path = NetWorking;
			sourceTree = "<group>";
		};
		AADA6FB320133D240069B88E /* TripleDES */ = {
			isa = PBXGroup;
			children = (
				AADA6FB420133D240069B88E /* GS_RSAEncryptor.m */,
				AADA6FB520133D240069B88E /* GS_GTMDefines.h */,
				AADA6FB620133D240069B88E /* GS_RSAEncryptor.h */,
			);
			path = TripleDES;
			sourceTree = "<group>";
		};
		AADA6FB820133D240069B88E /* ShareSingle */ = {
			isa = PBXGroup;
			children = (
				AADA6FB920133D240069B88E /* GS_ShareSingle.m */,
				AADA6FBA20133D240069B88E /* GS_ShareSingle.h */,
			);
			path = ShareSingle;
			sourceTree = "<group>";
		};
		AADA6FBB20133D240069B88E /* GS_AFNetworking */ = {
			isa = PBXGroup;
			children = (
				AADA6FBC20133D240069B88E /* GS_AFURLSessionManager.h */,
				AADA6FBD20133D240069B88E /* GS_AFNetworkReachabilityManager.h */,
				AADA6FBE20133D240069B88E /* GS_AFURLResponseSerialization.m */,
				AADA6FBF20133D240069B88E /* GS_AFURLRequestSerialization.h */,
				AADA6FC020133D240069B88E /* GS_AFHTTPSessionManager.h */,
				AADA6FC120133D240069B88E /* GS_AFNetworking.h */,
				AADA6FC220133D240069B88E /* GS_AFSecurityPolicy.m */,
				AADA6FC320133D240069B88E /* GS_AFNetworkReachabilityManager.m */,
				AADA6FC420133D240069B88E /* GS_AFURLSessionManager.m */,
				AADA6FC520133D240069B88E /* GS_AFURLRequestSerialization.m */,
				AADA6FC620133D240069B88E /* GS_AFURLResponseSerialization.h */,
				AADA6FC720133D240069B88E /* GS_AFHTTPSessionManager.m */,
				AADA6FC820133D240069B88E /* GS_AFSecurityPolicy.h */,
			);
			path = GS_AFNetworking;
			sourceTree = "<group>";
		};
		AADA6FC920133D240069B88E /* GS_MBProgressHUD */ = {
			isa = PBXGroup;
			children = (
				AADA6FCA20133D240069B88E /* GS_MBProgressHUD.h */,
				AADA6FCB20133D240069B88E /* GS_MBProgressHUD.m */,
			);
			path = GS_MBProgressHUD;
			sourceTree = "<group>";
		};
		AADA6FCC20133D240069B88E /* GS_ActionSheetPicker */ = {
			isa = PBXGroup;
			children = (
				AADA6FCD20133D240069B88E /* GS_ActionSheetStringPicker.h */,
				AADA6FCE20133D240069B88E /* GS_SWActionSheet.m */,
				AADA6FCF20133D240069B88E /* GS_AbstractActionSheetPicker.h */,
				AADA6FD020133D240069B88E /* GS_ActionSheetStringPicker.m */,
				AADA6FD120133D240069B88E /* GS_SWActionSheet.h */,
				AADA6FD220133D240069B88E /* GS_AbstractActionSheetPicker.m */,
			);
			path = GS_ActionSheetPicker;
			sourceTree = "<group>";
		};
		AADA6FD320133D240069B88E /* GS_YYModel */ = {
			isa = PBXGroup;
			children = (
				AADA6FD420133D240069B88E /* NSObject+GS_YYModel.h */,
				AADA6FD520133D240069B88E /* GS_YYClassInfo.h */,
				AADA6FD620133D240069B88E /* GS_YYModel.h */,
				AADA6FD720133D240069B88E /* NSObject+GS_YYModel.m */,
				AADA6FD820133D240069B88E /* GS_YYClassInfo.m */,
			);
			path = GS_YYModel;
			sourceTree = "<group>";
		};
		AADA6FD920133D240069B88E /* Categorys */ = {
			isa = PBXGroup;
			children = (
				AADA6FDA20133D240069B88E /* UIView+GS_Catrgory.m */,
				AADA6FDB20133D240069B88E /* UILabel+GS_Category.m */,
				AADA6FDC20133D240069B88E /* UIButton+GS_Category.m */,
				AADA6FDD20133D240069B88E /* UIView+GS_Catrgory.h */,
				AADA6FDE20133D240069B88E /* UIButton+GS_Category.h */,
				AADA6FDF20133D240069B88E /* UILabel+GS_Category.h */,
			);
			path = Categorys;
			sourceTree = "<group>";
		};
		AADA6FE020133D240069B88E /* Images */ = {
			isa = PBXGroup;
			children = (
				AADA6FE120133D240069B88E /* hud_warning@2x.png */,
				AADA6FE220133D240069B88E /* gs_resultright@3x.png */,
				AADA6FE320133D240069B88E /* hud_success@2x.png */,
				AADA6FE420133D240069B88E /* gs_resultwarning@3x.png */,
				AADA6FE520133D240069B88E /* gs_resultwrong@2x.png */,
				AADA6FE620133D240069B88E /* gs_agreebutton@2x.png */,
				AADA6FE720133D240069B88E /* gs_agreebutton@3x.png */,
				AADA6FE820133D240069B88E /* gs_resultwrong@3x.png */,
				AADA6FE920133D240069B88E /* gs_resultwarning@2x.png */,
				AADA6FEA20133D240069B88E /* hud_success@3x.png */,
				AADA6FEB20133D240069B88E /* gs_resultright@2x.png */,
				AADA6FEC20133D240069B88E /* citytest.plist */,
				AADA6FED20133D240069B88E /* hud_warning@3x.png */,
				AADA6FEE20133D240069B88E /* gs_nvcback@2x.png */,
				AADA6FEF20133D240069B88E /* gs_closeTip@3x.png */,
				AADA6FF020133D240069B88E /* gs_taxrefrensh@2x.png */,
				AADA6FF120133D240069B88E /* gs_trash@3x.png */,
				AADA6FF220133D240069B88E /* ios-ref@2x.png */,
				AADA6FF320133D240069B88E /* ios-ref@3x.png */,
				AADA6FF420133D240069B88E /* gs_trash@2x.png */,
				AADA6FF520133D240069B88E /* gs_taxrefrensh@3x.png */,
				AADA6FF620133D240069B88E /* gs_nvcback@3x.png */,
				AADA6FF720133D240069B88E /* gs_closeTip@2x.png */,
				AADA6FF820133D240069B88E /* gs_taxlogincycle@3x.png */,
				AADA6FF920133D240069B88E /* gs_moredown@3x.png */,
				AADA6FFA20133D240069B88E /* gs_taxdetailup@3x.png */,
				AADA6FFB20133D240069B88E /* gs_taxloginlogo@2x.png */,
				AADA6FFC20133D240069B88E /* gs_taxloginlogo@3x.png */,
				AADA6FFD20133D240069B88E /* gs_taxdetailup@2x.png */,
				AADA6FFE20133D240069B88E /* gs_moredown@2x.png */,
				AADA6FFF20133D240069B88E /* gs_taxlogincycle@2x.png */,
				AADA700020133D240069B88E /* gs_codeloading@2x.png */,
				AADA700120133D240069B88E /* gs_taxmoreinputtip@3x.png */,
				AADA700220133D240069B88E /* gs_taxdetaildown@2x.png */,
				AADA700320133D240069B88E /* ios-loc@2x.png */,
				AADA700420133D240069B88E /* gs_imageCodeFaild@3x.png */,
				AADA700520133D240069B88E /* gs_imageCodeFaild@2x.png */,
				AADA700620133D240069B88E /* ios-loc@3x.png */,
				AADA700720133D240069B88E /* gs_taxdetaildown@3x.png */,
				AADA700820133D240069B88E /* gs_taxmoreinputtip@2x.png */,
				AADA700920133D240069B88E /* gs_codeloading@3x.png */,
			);
			path = Images;
			sourceTree = "<group>";
		};
		AADA700A20133D240069B88E /* Tax */ = {
			isa = PBXGroup;
			children = (
				AADA700B20133D240069B88E /* Models */,
				AADA701E20133D240069B88E /* Controllers */,
				AADA703B20133D240069B88E /* Views */,
			);
			path = Tax;
			sourceTree = "<group>";
		};
		AADA700B20133D240069B88E /* Models */ = {
			isa = PBXGroup;
			children = (
				AADA700C20133D240069B88E /* GS_TaxLoginHelpModel.m */,
				AADA700D20133D240069B88E /* GS_TaxInputInfosModel.h */,
				AADA700E20133D240069B88E /* GS_TaxUrlInfosModel.m */,
				AADA700F20133D240069B88E /* GS_TaxFormInfosModel.h */,
				AADA701020133D240069B88E /* GS_TaxDetailModel.m */,
				AADA701120133D240069B88E /* GS_TaxAccountListModel.h */,
				AADA701220133D240069B88E /* GS_TaxSiteHelpModel.m */,
				AADA701320133D240069B88E /* GS_TaxLoginModel.m */,
				AADA701420133D240069B88E /* GS_TaxPayInfosModel.h */,
				AADA701520133D240069B88E /* GS_TaxDetailModel.h */,
				AADA701620133D240069B88E /* GS_TaxFormInfosModel.m */,
				AADA701720133D240069B88E /* GS_TaxUrlInfosModel.h */,
				AADA701820133D240069B88E /* GS_TaxInputInfosModel.m */,
				AADA701920133D240069B88E /* GS_TaxLoginHelpModel.h */,
				AADA701A20133D240069B88E /* GS_TaxLoginModel.h */,
				AADA701B20133D240069B88E /* GS_TaxSiteHelpModel.h */,
				AADA701C20133D240069B88E /* GS_TaxAccountListModel.m */,
				AADA701D20133D240069B88E /* GS_TaxPayInfosModel.m */,
			);
			path = Models;
			sourceTree = "<group>";
		};
		AADA701E20133D240069B88E /* Controllers */ = {
			isa = PBXGroup;
			children = (
				AADA701F20133D240069B88E /* TaxManage */,
				AADA702320133D240069B88E /* AccountList */,
				AADA702620133D240069B88E /* GS_CityPicker */,
				AADA702D20133D240069B88E /* Query */,
				AADA703220133D240069B88E /* Login */,
			);
			path = Controllers;
			sourceTree = "<group>";
		};
		AADA701F20133D240069B88E /* TaxManage */ = {
			isa = PBXGroup;
			children = (
				AADA702020133D240069B88E /* GSTaxManage.m */,
				AADA702120133D240069B88E /* GSTaxManage.h */,
				AADA702220133D240069B88E /* GSErrorCode.h */,
			);
			path = TaxManage;
			sourceTree = "<group>";
		};
		AADA702320133D240069B88E /* AccountList */ = {
			isa = PBXGroup;
			children = (
				AADA702420133D240069B88E /* GS_TaxAccountListVC.h */,
				AADA702520133D240069B88E /* GS_TaxAccountListVC.m */,
			);
			path = AccountList;
			sourceTree = "<group>";
		};
		AADA702620133D240069B88E /* GS_CityPicker */ = {
			isa = PBXGroup;
			children = (
				AADA702720133D240069B88E /* GS_HotCityTableViewCell.m */,
				AADA702820133D240069B88E /* GS_LocationCityTableViewCell.m */,
				AADA702920133D240069B88E /* GS_CityPickerVC.h */,
				AADA702A20133D240069B88E /* GS_CityPickerVC.m */,
				AADA702B20133D240069B88E /* GS_LocationCityTableViewCell.h */,
				AADA702C20133D240069B88E /* GS_HotCityTableViewCell.h */,
			);
			path = GS_CityPicker;
			sourceTree = "<group>";
		};
		AADA702D20133D240069B88E /* Query */ = {
			isa = PBXGroup;
			children = (
				AADA702E20133D240069B88E /* GS_TaxDetailnfoVC.h */,
				AADA702F20133D240069B88E /* GS_TaxRefreshVM.h */,
				AADA703020133D240069B88E /* GS_TaxDetailnfoVC.m */,
				AADA703120133D240069B88E /* GS_TaxRefreshVM.m */,
			);
			path = Query;
			sourceTree = "<group>";
		};
		AADA703220133D240069B88E /* Login */ = {
			isa = PBXGroup;
			children = (
				AADA703320133D240069B88E /* GS_UIWebViewPublicVC.h */,
				AADA703420133D240069B88E /* GS_TaxLoginHelpVC.m */,
				AADA703520133D240069B88E /* GS_TaxLoginOverdueVC.h */,
				AADA703620133D240069B88E /* GS_TaxLoginVC.h */,
				AADA703720133D240069B88E /* GS_UIWebViewPublicVC.m */,
				AADA703820133D240069B88E /* GS_TaxLoginHelpVC.h */,
				AADA703920133D240069B88E /* GS_TaxLoginOverdueVC.m */,
				AADA703A20133D240069B88E /* GS_TaxLoginVC.m */,
			);
			path = Login;
			sourceTree = "<group>";
		};
		AADA703B20133D240069B88E /* Views */ = {
			isa = PBXGroup;
			children = (
				AADA703C20133D240069B88E /* GS_TaxLoginCell.h */,
				AADA703D20133D240069B88E /* GS_TaxAccountListCell.h */,
				AADA703E20133D240069B88E /* GS_TaxResultView.h */,
				AADA703F20133D240069B88E /* GS_TaxInputAlertView.m */,
				AADA704020133D240069B88E /* GS_TaxDetailInfoCell.h */,
				AADA704120133D240069B88E /* GS_MobileAlertView.m */,
				AADA704220133D240069B88E /* GS_TaxLoginAnimationView.h */,
				AADA704320133D240069B88E /* GS_TaxAccountListCell.m */,
				AADA704420133D240069B88E /* GS_TaxLoginCell.m */,
				AADA704520133D240069B88E /* GS_MobileAlertView.h */,
				AADA704620133D240069B88E /* GS_TaxDetailInfoCell.m */,
				AADA704720133D240069B88E /* GS_TaxInputAlertView.h */,
				AADA704820133D240069B88E /* GS_TaxResultView.m */,
				AADA704920133D240069B88E /* GS_TaxLoginAnimationView.m */,
			);
			path = Views;
			sourceTree = "<group>";
		};
		AADA704A20133D240069B88E /* Public */ = {
			isa = PBXGroup;
			children = (
				AADA704B20133D240069B88E /* GSDefaultConfiguration.h */,
			);
			path = Public;
			sourceTree = "<group>";
		};
		AADA704C20133D240069B88E /* Private */ = {
			isa = PBXGroup;
			children = (
				AADA704D20133D240069B88E /* GS_URLMacro.h */,
				AADA704E20133D240069B88E /* GS_Hong.h */,
			);
			path = Private;
			sourceTree = "<group>";
		};
/* End PBXGroup section */

/* Begin PBXHeadersBuildPhase section */
		AADA6F9820133CE70069B88E /* Headers */ = {
			isa = PBXHeadersBuildPhase;
			buildActionMask = 2147483647;
			files = (
				AADA70DE20133D240069B88E /* GSDefaultConfiguration.h in Headers */,
				AADA70D120133D240069B88E /* GS_TaxAccountListCell.h in Headers */,
				AADA707520133D240069B88E /* GS_YYModel.h in Headers */,
				AADA706220133D240069B88E /* GS_AFHTTPSessionManager.h in Headers */,
				AADA70C220133D240069B88E /* GS_LocationCityTableViewCell.h in Headers */,
				AADA706D20133D240069B88E /* GS_ActionSheetStringPicker.h in Headers */,
				AADA70AF20133D240069B88E /* GS_TaxPayInfosModel.h in Headers */,
				AADA706320133D240069B88E /* GS_AFNetworking.h in Headers */,
				AADA70E520133DA10069B88E /* GS_GTMBase64.h in Headers */,
				AADA70D020133D240069B88E /* GS_TaxLoginCell.h in Headers */,
				AADA70C320133D240069B88E /* GS_HotCityTableViewCell.h in Headers */,
				AADA705E20133D240069B88E /* GS_AFURLSessionManager.h in Headers */,
				AADA70CA20133D240069B88E /* GS_TaxLoginOverdueVC.h in Headers */,
				AADA706A20133D240069B88E /* GS_AFSecurityPolicy.h in Headers */,
				AADA70C020133D240069B88E /* GS_CityPickerVC.h in Headers */,
				AADA70BA20133D240069B88E /* GSTaxManage.h in Headers */,
				AADA707320133D240069B88E /* NSObject+GS_YYModel.h in Headers */,
				AADA70C520133D240069B88E /* GS_TaxRefreshVM.h in Headers */,
				AADA70DF20133D240069B88E /* GS_URLMacro.h in Headers */,
				AADA70C420133D240069B88E /* GS_TaxDetailnfoVC.h in Headers */,
				AADA705220133D240069B88E /* GS_ParentViewController.h in Headers */,
				AADA705120133D240069B88E /* GS_DataTools.h in Headers */,
				AADA705A20133D240069B88E /* GS_RSAEncryptor.h in Headers */,
				AADA70AC20133D240069B88E /* GS_TaxAccountListModel.h in Headers */,
				AADA705F20133D240069B88E /* GS_AFNetworkReachabilityManager.h in Headers */,
				AADA705020133D240069B88E /* GS_ViewTools.h in Headers */,
				AADA707420133D240069B88E /* GS_YYClassInfo.h in Headers */,
				AADA707120133D240069B88E /* GS_SWActionSheet.h in Headers */,
				AADA706120133D240069B88E /* GS_AFURLRequestSerialization.h in Headers */,
				AADA707C20133D240069B88E /* UIButton+GS_Category.h in Headers */,
				AADA70B620133D240069B88E /* GS_TaxSiteHelpModel.h in Headers */,
				AADA70BC20133D240069B88E /* GS_TaxAccountListVC.h in Headers */,
				AADA705D20133D240069B88E /* GS_ShareSingle.h in Headers */,
				AADA70B220133D240069B88E /* GS_TaxUrlInfosModel.h in Headers */,
				AADA706820133D240069B88E /* GS_AFURLResponseSerialization.h in Headers */,
				AADA70B020133D240069B88E /* GS_TaxDetailModel.h in Headers */,
				AADA70D620133D240069B88E /* GS_TaxLoginAnimationView.h in Headers */,
				AADA70DB20133D240069B88E /* GS_TaxInputAlertView.h in Headers */,
				AADA707B20133D240069B88E /* UIView+GS_Catrgory.h in Headers */,
				AADA70D420133D240069B88E /* GS_TaxDetailInfoCell.h in Headers */,
				AADA70C820133D240069B88E /* GS_UIWebViewPublicVC.h in Headers */,
				AADA705920133D240069B88E /* GS_GTMDefines.h in Headers */,
				AADA70D920133D240069B88E /* GS_MobileAlertView.h in Headers */,
				AADA70B420133D240069B88E /* GS_TaxLoginHelpModel.h in Headers */,
				AADA70E020133D240069B88E /* GS_Hong.h in Headers */,
				AADA706B20133D240069B88E /* GS_MBProgressHUD.h in Headers */,
				AADA70AA20133D240069B88E /* GS_TaxFormInfosModel.h in Headers */,
				AADA70B520133D240069B88E /* GS_TaxLoginModel.h in Headers */,
				AADA70CB20133D240069B88E /* GS_TaxLoginVC.h in Headers */,
				AADA70D220133D240069B88E /* GS_TaxResultView.h in Headers */,
				AADA705B20133D240069B88E /* GS_NetWorking.h in Headers */,
				AADA706F20133D240069B88E /* GS_AbstractActionSheetPicker.h in Headers */,
				AADA704F20133D240069B88E /* GS_ProgressHUD.h in Headers */,
				AADA70A820133D240069B88E /* GS_TaxInputInfosModel.h in Headers */,
				AADA707D20133D240069B88E /* UILabel+GS_Category.h in Headers */,
				AADA70E220133D7F0069B88E /* GSPrefixHeader.pch in Headers */,
				AADA70BB20133D240069B88E /* GSErrorCode.h in Headers */,
				AADA70CD20133D240069B88E /* GS_TaxLoginHelpVC.h in Headers */,
			);
			runOnlyForDeploymentPostprocessing = 0;
		};
/* End PBXHeadersBuildPhase section */

/* Begin PBXNativeTarget section */
		AADA6F9A20133CE70069B88E /* TEST_SDK */ = {
			isa = PBXNativeTarget;
			buildConfigurationList = AADA6FA320133CE70069B88E /* Build configuration list for PBXNativeTarget "TEST_SDK" */;
			buildPhases = (
				AADA6F9620133CE70069B88E /* Sources */,
				AADA6F9720133CE70069B88E /* Frameworks */,
				AADA6F9820133CE70069B88E /* Headers */,
				AADA6F9920133CE70069B88E /* Resources */,
			);
			buildRules = (
			);
			dependencies = (
			);
			name = TEST_SDK;
			productName = TEST_SDK;
			productReference = AADA6F9B20133CE70069B88E /* TEST_SDK.framework */;
			productType = "com.apple.product-type.framework";
		};
/* End PBXNativeTarget section */

/* Begin PBXProject section */
		AADA6F9220133CE70069B88E /* Project object */ = {
			isa = PBXProject;
			attributes = {
				LastUpgradeCheck = 0920;
				ORGANIZATIONNAME = XTeam;
				TargetAttributes = {
					AADA6F9A20133CE70069B88E = {
						CreatedOnToolsVersion = 9.2;
						ProvisioningStyle = Automatic;
					};
				};
			};
			buildConfigurationList = AADA6F9520133CE70069B88E /* Build configuration list for PBXProject "TEST_SDK" */;
			compatibilityVersion = "Xcode 8.0";
			developmentRegion = en;
			hasScannedForEncodings = 0;
			knownRegions = (
				en,
			);
			mainGroup = AADA6F9120133CE70069B88E;
			productRefGroup = AADA6F9C20133CE70069B88E /* Products */;
			projectDirPath = "";
			projectRoot = "";
			targets = (
				AADA6F9A20133CE70069B88E /* TEST_SDK */,
			);
		};
/* End PBXProject section */

/* Begin PBXResourcesBuildPhase section */
		AADA6F9920133CE70069B88E /* Resources */ = {
			isa = PBXResourcesBuildPhase;
			buildActionMask = 2147483647;
			files = (
				AADA709920133D240069B88E /* gs_taxloginlogo@3x.png in Resources */,
				AADA709620133D240069B88E /* gs_moredown@3x.png in Resources */,
				AADA708520133D240069B88E /* gs_resultwrong@3x.png in Resources */,
				AADA708920133D240069B88E /* citytest.plist in Resources */,
				AADA70A420133D240069B88E /* gs_taxdetaildown@3x.png in Resources */,
				AADA709D20133D240069B88E /* gs_codeloading@2x.png in Resources */,
				AADA709420133D240069B88E /* gs_closeTip@2x.png in Resources */,
				AADA709B20133D240069B88E /* gs_moredown@2x.png in Resources */,
				AADA709320133D240069B88E /* gs_nvcback@3x.png in Resources */,
				AADA709020133D240069B88E /* ios-ref@3x.png in Resources */,
				AADA709A20133D240069B88E /* gs_taxdetailup@2x.png in Resources */,
				AADA709120133D240069B88E /* gs_trash@2x.png in Resources */,
				AADA709820133D240069B88E /* gs_taxloginlogo@2x.png in Resources */,
				AADA70A320133D240069B88E /* ios-loc@3x.png in Resources */,
				AADA708A20133D240069B88E /* hud_warning@3x.png in Resources */,
				AADA70A620133D240069B88E /* gs_codeloading@3x.png in Resources */,
				AADA70A220133D240069B88E /* gs_imageCodeFaild@2x.png in Resources */,
				AADA70A020133D240069B88E /* ios-loc@2x.png in Resources */,
				AADA707E20133D240069B88E /* hud_warning@2x.png in Resources */,
				AADA708020133D240069B88E /* hud_success@2x.png in Resources */,
				AADA708D20133D240069B88E /* gs_taxrefrensh@2x.png in Resources */,
				AADA708220133D240069B88E /* gs_resultwrong@2x.png in Resources */,
				AADA709F20133D240069B88E /* gs_taxdetaildown@2x.png in Resources */,
				AADA707F20133D240069B88E /* gs_resultright@3x.png in Resources */,
				AADA709E20133D240069B88E /* gs_taxmoreinputtip@3x.png in Resources */,
				AADA70A120133D240069B88E /* gs_imageCodeFaild@3x.png in Resources */,
				AADA708B20133D240069B88E /* gs_nvcback@2x.png in Resources */,
				AADA708120133D240069B88E /* gs_resultwarning@3x.png in Resources */,
				AADA708C20133D240069B88E /* gs_closeTip@3x.png in Resources */,
				AADA709C20133D240069B88E /* gs_taxlogincycle@2x.png in Resources */,
				AADA709220133D240069B88E /* gs_taxrefrensh@3x.png in Resources */,
				AADA708420133D240069B88E /* gs_agreebutton@3x.png in Resources */,
				AADA708F20133D240069B88E /* ios-ref@2x.png in Resources */,
				AADA708720133D240069B88E /* hud_success@3x.png in Resources */,
				AADA708E20133D240069B88E /* gs_trash@3x.png in Resources */,
				AADA709520133D240069B88E /* gs_taxlogincycle@3x.png in Resources */,
				AADA708620133D240069B88E /* gs_resultwarning@2x.png in Resources */,
				AADA70A520133D240069B88E /* gs_taxmoreinputtip@2x.png in Resources */,
				AADA709720133D240069B88E /* gs_taxdetailup@3x.png in Resources */,
				AADA708820133D240069B88E /* gs_resultright@2x.png in Resources */,
				AADA708320133D240069B88E /* gs_agreebutton@2x.png in Resources */,
			);
			runOnlyForDeploymentPostprocessing = 0;
		};
/* End PBXResourcesBuildPhase section */

/* Begin PBXSourcesBuildPhase section */
		AADA6F9620133CE70069B88E /* Sources */ = {
			isa = PBXSourcesBuildPhase;
			buildActionMask = 2147483647;
			files = (
				AADA705C20133D240069B88E /* GS_ShareSingle.m in Sources */,
				AADA70AB20133D240069B88E /* GS_TaxDetailModel.m in Sources */,
				AADA70A920133D240069B88E /* GS_TaxUrlInfosModel.m in Sources */,
				AADA70D320133D240069B88E /* GS_TaxInputAlertView.m in Sources */,
				AADA70BD20133D240069B88E /* GS_TaxAccountListVC.m in Sources */,
				AADA705420133D240069B88E /* GS_ProgressHUD.m in Sources */,
				AADA70B820133D240069B88E /* GS_TaxPayInfosModel.m in Sources */,
				AADA706920133D240069B88E /* GS_AFHTTPSessionManager.m in Sources */,
				AADA70B320133D240069B88E /* GS_TaxInputInfosModel.m in Sources */,
				AADA707A20133D240069B88E /* UIButton+GS_Category.m in Sources */,
				AADA70CC20133D240069B88E /* GS_UIWebViewPublicVC.m in Sources */,
				AADA70D520133D240069B88E /* GS_MobileAlertView.m in Sources */,
				AADA706C20133D240069B88E /* GS_MBProgressHUD.m in Sources */,
				AADA70DD20133D240069B88E /* GS_TaxLoginAnimationView.m in Sources */,
				AADA707220133D240069B88E /* GS_AbstractActionSheetPicker.m in Sources */,
				AADA707620133D240069B88E /* NSObject+GS_YYModel.m in Sources */,
				AADA70AE20133D240069B88E /* GS_TaxLoginModel.m in Sources */,
				AADA70E620133DA10069B88E /* GS_GTMBase64.m in Sources */,
				AADA70DA20133D240069B88E /* GS_TaxDetailInfoCell.m in Sources */,
				AADA706420133D240069B88E /* GS_AFSecurityPolicy.m in Sources */,
				AADA707820133D240069B88E /* UIView+GS_Catrgory.m in Sources */,
				AADA70C620133D240069B88E /* GS_TaxDetailnfoVC.m in Sources */,
				AADA707720133D240069B88E /* GS_YYClassInfo.m in Sources */,
				AADA70A720133D240069B88E /* GS_TaxLoginHelpModel.m in Sources */,
				AADA706020133D240069B88E /* GS_AFURLResponseSerialization.m in Sources */,
				AADA705720133D240069B88E /* GS_NetWorking.m in Sources */,
				AADA707920133D240069B88E /* UILabel+GS_Category.m in Sources */,
				AADA705620133D240069B88E /* GS_DataTools.m in Sources */,
				AADA706520133D240069B88E /* GS_AFNetworkReachabilityManager.m in Sources */,
				AADA706720133D240069B88E /* GS_AFURLRequestSerialization.m in Sources */,
				AADA70C720133D240069B88E /* GS_TaxRefreshVM.m in Sources */,
				AADA70AD20133D240069B88E /* GS_TaxSiteHelpModel.m in Sources */,
				AADA706E20133D240069B88E /* GS_SWActionSheet.m in Sources */,
				AADA70C120133D240069B88E /* GS_CityPickerVC.m in Sources */,
				AADA70D820133D240069B88E /* GS_TaxLoginCell.m in Sources */,
				AADA70C920133D240069B88E /* GS_TaxLoginHelpVC.m in Sources */,
				AADA70D720133D240069B88E /* GS_TaxAccountListCell.m in Sources */,
				AADA70CE20133D240069B88E /* GS_TaxLoginOverdueVC.m in Sources */,
				AADA70B920133D240069B88E /* GSTaxManage.m in Sources */,
				AADA705820133D240069B88E /* GS_RSAEncryptor.m in Sources */,
				AADA70BF20133D240069B88E /* GS_LocationCityTableViewCell.m in Sources */,
				AADA70CF20133D240069B88E /* GS_TaxLoginVC.m in Sources */,
				AADA70B120133D240069B88E /* GS_TaxFormInfosModel.m in Sources */,
				AADA70BE20133D240069B88E /* GS_HotCityTableViewCell.m in Sources */,
				AADA707020133D240069B88E /* GS_ActionSheetStringPicker.m in Sources */,
				AADA705520133D240069B88E /* GS_ParentViewController.m in Sources */,
				AADA705320133D240069B88E /* GS_ViewTools.m in Sources */,
				AADA70DC20133D240069B88E /* GS_TaxResultView.m in Sources */,
				AADA706620133D240069B88E /* GS_AFURLSessionManager.m in Sources */,
				AADA70B720133D240069B88E /* GS_TaxAccountListModel.m in Sources */,
			);
			runOnlyForDeploymentPostprocessing = 0;
		};
/* End PBXSourcesBuildPhase section */

/* Begin XCBuildConfiguration section */
		AADA6FA120133CE70069B88E /* Debug */ = {
			isa = XCBuildConfiguration;
			buildSettings = {
				ALWAYS_SEARCH_USER_PATHS = NO;
				CLANG_ANALYZER_NONNULL = YES;
				CLANG_ANALYZER_NUMBER_OBJECT_CONVERSION = YES_AGGRESSIVE;
				CLANG_CXX_LANGUAGE_STANDARD = "gnu++14";
				CLANG_CXX_LIBRARY = "libc++";
				CLANG_ENABLE_MODULES = YES;
				CLANG_ENABLE_OBJC_ARC = YES;
				CLANG_WARN_BLOCK_CAPTURE_AUTORELEASING = YES;
				CLANG_WARN_BOOL_CONVERSION = YES;
				CLANG_WARN_COMMA = YES;
				CLANG_WARN_CONSTANT_CONVERSION = YES;
				CLANG_WARN_DIRECT_OBJC_ISA_USAGE = YES_ERROR;
				CLANG_WARN_DOCUMENTATION_COMMENTS = YES;
				CLANG_WARN_EMPTY_BODY = YES;
				CLANG_WARN_ENUM_CONVERSION = YES;
				CLANG_WARN_INFINITE_RECURSION = YES;
				CLANG_WARN_INT_CONVERSION = YES;
				CLANG_WARN_NON_LITERAL_NULL_CONVERSION = YES;
				CLANG_WARN_OBJC_LITERAL_CONVERSION = YES;
				CLANG_WARN_OBJC_ROOT_CLASS = YES_ERROR;
				CLANG_WARN_RANGE_LOOP_ANALYSIS = YES;
				CLANG_WARN_STRICT_PROTOTYPES = YES;
				CLANG_WARN_SUSPICIOUS_MOVE = YES;
				CLANG_WARN_UNGUARDED_AVAILABILITY = YES_AGGRESSIVE;
				CLANG_WARN_UNREACHABLE_CODE = YES;
				CLANG_WARN__DUPLICATE_METHOD_MATCH = YES;
				CODE_SIGN_IDENTITY = "iPhone Developer";
				COPY_PHASE_STRIP = NO;
				CURRENT_PROJECT_VERSION = 1;
				DEBUG_INFORMATION_FORMAT = dwarf;
				ENABLE_STRICT_OBJC_MSGSEND = YES;
				ENABLE_TESTABILITY = YES;
				GCC_C_LANGUAGE_STANDARD = gnu11;
				GCC_DYNAMIC_NO_PIC = NO;
				GCC_NO_COMMON_BLOCKS = YES;
				GCC_OPTIMIZATION_LEVEL = 0;
				GCC_PREPROCESSOR_DEFINITIONS = (
					"DEBUG=1",
					"$(inherited)",
				);
				GCC_WARN_64_TO_32_BIT_CONVERSION = YES;
				GCC_WARN_ABOUT_RETURN_TYPE = YES_ERROR;
				GCC_WARN_UNDECLARED_SELECTOR = YES;
				GCC_WARN_UNINITIALIZED_AUTOS = YES_AGGRESSIVE;
				GCC_WARN_UNUSED_FUNCTION = YES;
				GCC_WARN_UNUSED_VARIABLE = YES;
				IPHONEOS_DEPLOYMENT_TARGET = 11.2;
				MTL_ENABLE_DEBUG_INFO = YES;
				ONLY_ACTIVE_ARCH = YES;
				SDKROOT = iphoneos;
				VERSIONING_SYSTEM = "apple-generic";
				VERSION_INFO_PREFIX = "";
			};
			name = Debug;
		};
		AADA6FA220133CE70069B88E /* Release */ = {
			isa = XCBuildConfiguration;
			buildSettings = {
				ALWAYS_SEARCH_USER_PATHS = NO;
				CLANG_ANALYZER_NONNULL = YES;
				CLANG_ANALYZER_NUMBER_OBJECT_CONVERSION = YES_AGGRESSIVE;
				CLANG_CXX_LANGUAGE_STANDARD = "gnu++14";
				CLANG_CXX_LIBRARY = "libc++";
				CLANG_ENABLE_MODULES = YES;
				CLANG_ENABLE_OBJC_ARC = YES;
				CLANG_WARN_BLOCK_CAPTURE_AUTORELEASING = YES;
				CLANG_WARN_BOOL_CONVERSION = YES;
				CLANG_WARN_COMMA = YES;
				CLANG_WARN_CONSTANT_CONVERSION = YES;
				CLANG_WARN_DIRECT_OBJC_ISA_USAGE = YES_ERROR;
				CLANG_WARN_DOCUMENTATION_COMMENTS = YES;
				CLANG_WARN_EMPTY_BODY = YES;
				CLANG_WARN_ENUM_CONVERSION = YES;
				CLANG_WARN_INFINITE_RECURSION = YES;
				CLANG_WARN_INT_CONVERSION = YES;
				CLANG_WARN_NON_LITERAL_NULL_CONVERSION = YES;
				CLANG_WARN_OBJC_LITERAL_CONVERSION = YES;
				CLANG_WARN_OBJC_ROOT_CLASS = YES_ERROR;
				CLANG_WARN_RANGE_LOOP_ANALYSIS = YES;
				CLANG_WARN_STRICT_PROTOTYPES = YES;
				CLANG_WARN_SUSPICIOUS_MOVE = YES;
				CLANG_WARN_UNGUARDED_AVAILABILITY = YES_AGGRESSIVE;
				CLANG_WARN_UNREACHABLE_CODE = YES;
				CLANG_WARN__DUPLICATE_METHOD_MATCH = YES;
				CODE_SIGN_IDENTITY = "iPhone Developer";
				COPY_PHASE_STRIP = NO;
				CURRENT_PROJECT_VERSION = 1;
				DEBUG_INFORMATION_FORMAT = "dwarf-with-dsym";
				ENABLE_NS_ASSERTIONS = NO;
				ENABLE_STRICT_OBJC_MSGSEND = YES;
				GCC_C_LANGUAGE_STANDARD = gnu11;
				GCC_NO_COMMON_BLOCKS = YES;
				GCC_WARN_64_TO_32_BIT_CONVERSION = YES;
				GCC_WARN_ABOUT_RETURN_TYPE = YES_ERROR;
				GCC_WARN_UNDECLARED_SELECTOR = YES;
				GCC_WARN_UNINITIALIZED_AUTOS = YES_AGGRESSIVE;
				GCC_WARN_UNUSED_FUNCTION = YES;
				GCC_WARN_UNUSED_VARIABLE = YES;
				IPHONEOS_DEPLOYMENT_TARGET = 11.2;
				MTL_ENABLE_DEBUG_INFO = NO;
				SDKROOT = iphoneos;
				VALIDATE_PRODUCT = YES;
				VERSIONING_SYSTEM = "apple-generic";
				VERSION_INFO_PREFIX = "";
			};
			name = Release;
		};
		AADA6FA420133CE70069B88E /* Debug */ = {
			isa = XCBuildConfiguration;
			buildSettings = {
				CODE_SIGN_IDENTITY = "";
				CODE_SIGN_STYLE = Automatic;
				DEFINES_MODULE = YES;
				DEVELOPMENT_TEAM = L37SXG465L;
				DYLIB_COMPATIBILITY_VERSION = 1;
				DYLIB_CURRENT_VERSION = 1;
				DYLIB_INSTALL_NAME_BASE = "@rpath";
				GCC_PREFIX_HEADER = "$(SRCROOT)/TEST_SDK/GSPrefixHeader.pch";
				INFOPLIST_FILE = TEST_SDK/Info.plist;
				INSTALL_PATH = "$(LOCAL_LIBRARY_DIR)/Frameworks";
				LD_RUNPATH_SEARCH_PATHS = "$(inherited) @executable_path/Frameworks @loader_path/Frameworks";
				PRODUCT_BUNDLE_IDENTIFIER = "---.TEST-SDK";
				PRODUCT_NAME = "$(TARGET_NAME:c99extidentifier)";
				SKIP_INSTALL = YES;
				TARGETED_DEVICE_FAMILY = "1,2";
			};
			name = Debug;
		};
		AADA6FA520133CE70069B88E /* Release */ = {
			isa = XCBuildConfiguration;
			buildSettings = {
				CODE_SIGN_IDENTITY = "";
				CODE_SIGN_STYLE = Automatic;
				DEFINES_MODULE = YES;
				DEVELOPMENT_TEAM = L37SXG465L;
				DYLIB_COMPATIBILITY_VERSION = 1;
				DYLIB_CURRENT_VERSION = 1;
				DYLIB_INSTALL_NAME_BASE = "@rpath";
				GCC_PREFIX_HEADER = "$(SRCROOT)/TEST_SDK/GSPrefixHeader.pch";
				INFOPLIST_FILE = TEST_SDK/Info.plist;
				INSTALL_PATH = "$(LOCAL_LIBRARY_DIR)/Frameworks";
				LD_RUNPATH_SEARCH_PATHS = "$(inherited) @executable_path/Frameworks @loader_path/Frameworks";
				PRODUCT_BUNDLE_IDENTIFIER = "---.TEST-SDK";
				PRODUCT_NAME = "$(TARGET_NAME:c99extidentifier)";
				SKIP_INSTALL = YES;
				TARGETED_DEVICE_FAMILY = "1,2";
			};
			name = Release;
		};
/* End XCBuildConfiguration section */

/* Begin XCConfigurationList section */
		AADA6F9520133CE70069B88E /* Build configuration list for PBXProject "TEST_SDK" */ = {
			isa = XCConfigurationList;
			buildConfigurations = (
				AADA6FA120133CE70069B88E /* Debug */,
				AADA6FA220133CE70069B88E /* Release */,
			);
			defaultConfigurationIsVisible = 0;
			defaultConfigurationName = Release;
		};
		AADA6FA320133CE70069B88E /* Build configuration list for PBXNativeTarget "TEST_SDK" */ = {
			isa = XCConfigurationList;
			buildConfigurations = (
				AADA6FA420133CE70069B88E /* Debug */,
				AADA6FA520133CE70069B88E /* Release */,
			);
			defaultConfigurationIsVisible = 0;
			defaultConfigurationName = Release;
		};
/* End XCConfigurationList section */
	};
	rootObject = AADA6F9220133CE70069B88E /* Project object */;
}
